// !$*UTF8*$!
{
	archiveVersion = 1;
	classes = {
	};
	objectVersion = 77;
	objects = {

/* Begin PBXBuildFile section */
		ED7890B62CAC727600721730 /* Assets.xcassets in Resources */ = {isa = PBXBuildFile; fileRef = ED7890AD2CAC727600721730 /* Assets.xcassets */; };
		ED7890B82CAC727600721730 /* LaunchScreen.storyboard in Resources */ = {isa = PBXBuildFile; fileRef = ED7890B02CAC727600721730 /* LaunchScreen.storyboard */; };
		ED7890BA2CAC727600721730 /* AppDelegate.swift in Sources */ = {isa = PBXBuildFile; fileRef = ED7890AC2CAC727600721730 /* AppDelegate.swift */; };
		ED7890BB2CAC727600721730 /* SceneDelegate.swift in Sources */ = {isa = PBXBuildFile; fileRef = ED7890B32CAC727600721730 /* SceneDelegate.swift */; };
		ED7890BE2CAEF50C00721730 /* TabBarController.swift in Sources */ = {isa = PBXBuildFile; fileRef = ED7890BD2CAEF50C00721730 /* TabBarController.swift */; };
		ED7890C12CB29F2300721730 /* TrackerTests.swift in Sources */ = {isa = PBXBuildFile; fileRef = ED7890BF2CB29F2300721730 /* TrackerTests.swift */; };
		ED7890C52CB29F2400721730 /* TrackerUITests.swift in Sources */ = {isa = PBXBuildFile; fileRef = ED7890C22CB29F2400721730 /* TrackerUITests.swift */; };
		ED7890C62CB29F2400721730 /* TrackerUITestsLaunchTests.swift in Sources */ = {isa = PBXBuildFile; fileRef = ED7890C32CB29F2400721730 /* TrackerUITestsLaunchTests.swift */; };
		ED7890CA2CB29F5E00721730 /* StatsViewController.swift in Sources */ = {isa = PBXBuildFile; fileRef = ED7890C92CB29F5E00721730 /* StatsViewController.swift */; };
		ED7890CC2CB29F6A00721730 /* TrackersViewController.swift in Sources */ = {isa = PBXBuildFile; fileRef = ED7890CB2CB29F6A00721730 /* TrackersViewController.swift */; };
		EDFE36802CB3E57000C672E1 /* YS Display-Bold.ttf in Resources */ = {isa = PBXBuildFile; fileRef = EDFE367E2CB3E57000C672E1 /* YS Display-Bold.ttf */; };
		EDFE36812CB3E57000C672E1 /* YS Display-Medium.ttf in Resources */ = {isa = PBXBuildFile; fileRef = EDFE367F2CB3E57000C672E1 /* YS Display-Medium.ttf */; };
		EDFE37012CBD2F2100C672E1 /* Tracker.swift in Sources */ = {isa = PBXBuildFile; fileRef = EDFE37002CBD2F2100C672E1 /* Tracker.swift */; };
		EDFE37032CBD2F2B00C672E1 /* TrackerCategory.swift in Sources */ = {isa = PBXBuildFile; fileRef = EDFE37022CBD2F2B00C672E1 /* TrackerCategory.swift */; };
		EDFE37052CBD2F3600C672E1 /* TrackerRecord.swift in Sources */ = {isa = PBXBuildFile; fileRef = EDFE37042CBD2F3600C672E1 /* TrackerRecord.swift */; };
/* End PBXBuildFile section */

/* Begin PBXContainerItemProxy section */
		ED78908F2CAC722D00721730 /* PBXContainerItemProxy */ = {
			isa = PBXContainerItemProxy;
			containerPortal = ED7890702CAC722B00721730 /* Project object */;
			proxyType = 1;
			remoteGlobalIDString = ED7890772CAC722B00721730;
			remoteInfo = Tracker;
		};
		ED7890992CAC722D00721730 /* PBXContainerItemProxy */ = {
			isa = PBXContainerItemProxy;
			containerPortal = ED7890702CAC722B00721730 /* Project object */;
			proxyType = 1;
			remoteGlobalIDString = ED7890772CAC722B00721730;
			remoteInfo = Tracker;
		};
/* End PBXContainerItemProxy section */

/* Begin PBXFileReference section */
		ED7890782CAC722B00721730 /* Tracker.app */ = {isa = PBXFileReference; explicitFileType = wrapper.application; includeInIndex = 0; path = Tracker.app; sourceTree = BUILT_PRODUCTS_DIR; };
		ED78908E2CAC722D00721730 /* TrackerTests.xctest */ = {isa = PBXFileReference; explicitFileType = wrapper.cfbundle; includeInIndex = 0; path = TrackerTests.xctest; sourceTree = BUILT_PRODUCTS_DIR; };
		ED7890982CAC722D00721730 /* TrackerUITests.xctest */ = {isa = PBXFileReference; explicitFileType = wrapper.cfbundle; includeInIndex = 0; path = TrackerUITests.xctest; sourceTree = BUILT_PRODUCTS_DIR; };
		ED7890AC2CAC727600721730 /* AppDelegate.swift */ = {isa = PBXFileReference; lastKnownFileType = sourcecode.swift; path = AppDelegate.swift; sourceTree = "<group>"; };
		ED7890AD2CAC727600721730 /* Assets.xcassets */ = {isa = PBXFileReference; lastKnownFileType = folder.assetcatalog; path = Assets.xcassets; sourceTree = "<group>"; };
		ED7890AE2CAC727600721730 /* Info.plist */ = {isa = PBXFileReference; lastKnownFileType = text.plist.xml; path = Info.plist; sourceTree = "<group>"; };
		ED7890AF2CAC727600721730 /* Base */ = {isa = PBXFileReference; lastKnownFileType = file.storyboard; name = Base; path = Base.lproj/LaunchScreen.storyboard; sourceTree = "<group>"; };
		ED7890B32CAC727600721730 /* SceneDelegate.swift */ = {isa = PBXFileReference; lastKnownFileType = sourcecode.swift; path = SceneDelegate.swift; sourceTree = "<group>"; };
		ED7890BD2CAEF50C00721730 /* TabBarController.swift */ = {isa = PBXFileReference; lastKnownFileType = sourcecode.swift; path = TabBarController.swift; sourceTree = "<group>"; };
		ED7890BF2CB29F2300721730 /* TrackerTests.swift */ = {isa = PBXFileReference; lastKnownFileType = sourcecode.swift; path = TrackerTests.swift; sourceTree = "<group>"; };
		ED7890C22CB29F2400721730 /* TrackerUITests.swift */ = {isa = PBXFileReference; lastKnownFileType = sourcecode.swift; path = TrackerUITests.swift; sourceTree = "<group>"; };
		ED7890C32CB29F2400721730 /* TrackerUITestsLaunchTests.swift */ = {isa = PBXFileReference; lastKnownFileType = sourcecode.swift; path = TrackerUITestsLaunchTests.swift; sourceTree = "<group>"; };
		ED7890C92CB29F5E00721730 /* StatsViewController.swift */ = {isa = PBXFileReference; lastKnownFileType = sourcecode.swift; path = StatsViewController.swift; sourceTree = "<group>"; };
		ED7890CB2CB29F6A00721730 /* TrackersViewController.swift */ = {isa = PBXFileReference; lastKnownFileType = sourcecode.swift; path = TrackersViewController.swift; sourceTree = "<group>"; };
		EDFE367E2CB3E57000C672E1 /* YS Display-Bold.ttf */ = {isa = PBXFileReference; lastKnownFileType = file; path = "YS Display-Bold.ttf"; sourceTree = "<group>"; };
		EDFE367F2CB3E57000C672E1 /* YS Display-Medium.ttf */ = {isa = PBXFileReference; lastKnownFileType = file; path = "YS Display-Medium.ttf"; sourceTree = "<group>"; };
		EDFE37002CBD2F2100C672E1 /* Tracker.swift */ = {isa = PBXFileReference; lastKnownFileType = sourcecode.swift; path = Tracker.swift; sourceTree = "<group>"; };
		EDFE37022CBD2F2B00C672E1 /* TrackerCategory.swift */ = {isa = PBXFileReference; lastKnownFileType = sourcecode.swift; path = TrackerCategory.swift; sourceTree = "<group>"; };
		EDFE37042CBD2F3600C672E1 /* TrackerRecord.swift */ = {isa = PBXFileReference; lastKnownFileType = sourcecode.swift; path = TrackerRecord.swift; sourceTree = "<group>"; };
/* End PBXFileReference section */

/* Begin PBXFrameworksBuildPhase section */
		ED7890752CAC722B00721730 /* Frameworks */ = {
			isa = PBXFrameworksBuildPhase;
			buildActionMask = 2147483647;
			files = (
			);
			runOnlyForDeploymentPostprocessing = 0;
		};
		ED78908B2CAC722D00721730 /* Frameworks */ = {
			isa = PBXFrameworksBuildPhase;
			buildActionMask = 2147483647;
			files = (
			);
			runOnlyForDeploymentPostprocessing = 0;
		};
		ED7890952CAC722D00721730 /* Frameworks */ = {
			isa = PBXFrameworksBuildPhase;
			buildActionMask = 2147483647;
			files = (
			);
			runOnlyForDeploymentPostprocessing = 0;
		};
/* End PBXFrameworksBuildPhase section */

/* Begin PBXGroup section */
		ED78906F2CAC722B00721730 = {
			isa = PBXGroup;
			children = (
				ED7890B52CAC727600721730 /* Tracker */,
				EDFE367D2CB3E54C00C672E1 /* Resources */,
				ED7890C02CB29F2300721730 /* TrackerTests */,
				ED7890C42CB29F2400721730 /* TrackerUITests */,
				ED7890792CAC722B00721730 /* Products */,
			);
			sourceTree = "<group>";
		};
		ED7890792CAC722B00721730 /* Products */ = {
			isa = PBXGroup;
			children = (
				ED7890782CAC722B00721730 /* Tracker.app */,
				ED78908E2CAC722D00721730 /* TrackerTests.xctest */,
				ED7890982CAC722D00721730 /* TrackerUITests.xctest */,
			);
			name = Products;
			sourceTree = "<group>";
		};
		ED7890B52CAC727600721730 /* Tracker */ = {
			isa = PBXGroup;
			children = (
				ED7890AC2CAC727600721730 /* AppDelegate.swift */,
				ED7890B32CAC727600721730 /* SceneDelegate.swift */,
				ED7890B02CAC727600721730 /* LaunchScreen.storyboard */,
				ED7890AE2CAC727600721730 /* Info.plist */,
				EDFE36FF2CBD2E8200C672E1 /* Data */,
				ED7890C72CB29F2A00721730 /* ViewControllers */,
			);
			path = Tracker;
			sourceTree = "<group>";
		};
		ED7890C02CB29F2300721730 /* TrackerTests */ = {
			isa = PBXGroup;
			children = (
				ED7890BF2CB29F2300721730 /* TrackerTests.swift */,
			);
			path = TrackerTests;
			sourceTree = "<group>";
		};
		ED7890C42CB29F2400721730 /* TrackerUITests */ = {
			isa = PBXGroup;
			children = (
				ED7890C22CB29F2400721730 /* TrackerUITests.swift */,
				ED7890C32CB29F2400721730 /* TrackerUITestsLaunchTests.swift */,
			);
			path = TrackerUITests;
			sourceTree = "<group>";
		};
		ED7890C72CB29F2A00721730 /* ViewControllers */ = {
			isa = PBXGroup;
			children = (
				ED7890BD2CAEF50C00721730 /* TabBarController.swift */,
				ED7890CB2CB29F6A00721730 /* TrackersViewController.swift */,
				ED7890C92CB29F5E00721730 /* StatsViewController.swift */,
			);
			path = ViewControllers;
			sourceTree = "<group>";
		};
		EDFE367D2CB3E54C00C672E1 /* Resources */ = {
			isa = PBXGroup;
			children = (
				ED7890AD2CAC727600721730 /* Assets.xcassets */,
				EDFE367E2CB3E57000C672E1 /* YS Display-Bold.ttf */,
				EDFE367F2CB3E57000C672E1 /* YS Display-Medium.ttf */,
			);
			path = Resources;
			sourceTree = "<group>";
		};
		EDFE36FF2CBD2E8200C672E1 /* Data */ = {
			isa = PBXGroup;
			children = (
				EDFE37002CBD2F2100C672E1 /* Tracker.swift */,
				EDFE37022CBD2F2B00C672E1 /* TrackerCategory.swift */,
				EDFE37042CBD2F3600C672E1 /* TrackerRecord.swift */,
			);
			path = Data;
			sourceTree = "<group>";
		};
/* End PBXGroup section */

/* Begin PBXNativeTarget section */
		ED7890772CAC722B00721730 /* Tracker */ = {
			isa = PBXNativeTarget;
			buildConfigurationList = ED7890A12CAC722D00721730 /* Build configuration list for PBXNativeTarget "Tracker" */;
			buildPhases = (
				ED7890742CAC722B00721730 /* Sources */,
				ED7890752CAC722B00721730 /* Frameworks */,
				ED7890762CAC722B00721730 /* Resources */,
			);
			buildRules = (
			);
			dependencies = (
			);
			name = Tracker;
			packageProductDependencies = (
			);
			productName = Tracker;
			productReference = ED7890782CAC722B00721730 /* Tracker.app */;
			productType = "com.apple.product-type.application";
		};
		ED78908D2CAC722D00721730 /* TrackerTests */ = {
			isa = PBXNativeTarget;
			buildConfigurationList = ED7890A62CAC722D00721730 /* Build configuration list for PBXNativeTarget "TrackerTests" */;
			buildPhases = (
				ED78908A2CAC722D00721730 /* Sources */,
				ED78908B2CAC722D00721730 /* Frameworks */,
				ED78908C2CAC722D00721730 /* Resources */,
			);
			buildRules = (
			);
			dependencies = (
				ED7890902CAC722D00721730 /* PBXTargetDependency */,
			);
			name = TrackerTests;
			packageProductDependencies = (
			);
			productName = TrackerTests;
			productReference = ED78908E2CAC722D00721730 /* TrackerTests.xctest */;
			productType = "com.apple.product-type.bundle.unit-test";
		};
		ED7890972CAC722D00721730 /* TrackerUITests */ = {
			isa = PBXNativeTarget;
			buildConfigurationList = ED7890A92CAC722D00721730 /* Build configuration list for PBXNativeTarget "TrackerUITests" */;
			buildPhases = (
				ED7890942CAC722D00721730 /* Sources */,
				ED7890952CAC722D00721730 /* Frameworks */,
				ED7890962CAC722D00721730 /* Resources */,
			);
			buildRules = (
			);
			dependencies = (
				ED78909A2CAC722D00721730 /* PBXTargetDependency */,
			);
			name = TrackerUITests;
			packageProductDependencies = (
			);
			productName = TrackerUITests;
			productReference = ED7890982CAC722D00721730 /* TrackerUITests.xctest */;
			productType = "com.apple.product-type.bundle.ui-testing";
		};
/* End PBXNativeTarget section */

/* Begin PBXProject section */
		ED7890702CAC722B00721730 /* Project object */ = {
			isa = PBXProject;
			attributes = {
				BuildIndependentTargetsInParallel = 1;
				LastSwiftUpdateCheck = 1600;
				LastUpgradeCheck = 1600;
				TargetAttributes = {
					ED7890772CAC722B00721730 = {
						CreatedOnToolsVersion = 16.0;
					};
					ED78908D2CAC722D00721730 = {
						CreatedOnToolsVersion = 16.0;
						TestTargetID = ED7890772CAC722B00721730;
					};
					ED7890972CAC722D00721730 = {
						CreatedOnToolsVersion = 16.0;
						TestTargetID = ED7890772CAC722B00721730;
					};
				};
			};
			buildConfigurationList = ED7890732CAC722B00721730 /* Build configuration list for PBXProject "Tracker" */;
			developmentRegion = en;
			hasScannedForEncodings = 0;
			knownRegions = (
				en,
				Base,
			);
			mainGroup = ED78906F2CAC722B00721730;
			minimizedProjectReferenceProxies = 1;
			preferredProjectObjectVersion = 77;
			productRefGroup = ED7890792CAC722B00721730 /* Products */;
			projectDirPath = "";
			projectRoot = "";
			targets = (
				ED7890772CAC722B00721730 /* Tracker */,
				ED78908D2CAC722D00721730 /* TrackerTests */,
				ED7890972CAC722D00721730 /* TrackerUITests */,
			);
		};
/* End PBXProject section */

/* Begin PBXResourcesBuildPhase section */
		ED7890762CAC722B00721730 /* Resources */ = {
			isa = PBXResourcesBuildPhase;
			buildActionMask = 2147483647;
			files = (
				ED7890B62CAC727600721730 /* Assets.xcassets in Resources */,
				EDFE36802CB3E57000C672E1 /* YS Display-Bold.ttf in Resources */,
				EDFE36812CB3E57000C672E1 /* YS Display-Medium.ttf in Resources */,
				ED7890B82CAC727600721730 /* LaunchScreen.storyboard in Resources */,
			);
			runOnlyForDeploymentPostprocessing = 0;
		};
		ED78908C2CAC722D00721730 /* Resources */ = {
			isa = PBXResourcesBuildPhase;
			buildActionMask = 2147483647;
			files = (
			);
			runOnlyForDeploymentPostprocessing = 0;
		};
		ED7890962CAC722D00721730 /* Resources */ = {
			isa = PBXResourcesBuildPhase;
			buildActionMask = 2147483647;
			files = (
			);
			runOnlyForDeploymentPostprocessing = 0;
		};
/* End PBXResourcesBuildPhase section */

/* Begin PBXSourcesBuildPhase section */
		ED7890742CAC722B00721730 /* Sources */ = {
			isa = PBXSourcesBuildPhase;
			buildActionMask = 2147483647;
			files = (
				ED7890BA2CAC727600721730 /* AppDelegate.swift in Sources */,
				EDFE37032CBD2F2B00C672E1 /* TrackerCategory.swift in Sources */,
				ED7890BE2CAEF50C00721730 /* TabBarController.swift in Sources */,
				ED7890CC2CB29F6A00721730 /* TrackersViewController.swift in Sources */,
				EDFE37052CBD2F3600C672E1 /* TrackerRecord.swift in Sources */,
				ED7890BB2CAC727600721730 /* SceneDelegate.swift in Sources */,
				ED7890CA2CB29F5E00721730 /* StatsViewController.swift in Sources */,
				EDFE37012CBD2F2100C672E1 /* Tracker.swift in Sources */,
			);
			runOnlyForDeploymentPostprocessing = 0;
		};
		ED78908A2CAC722D00721730 /* Sources */ = {
			isa = PBXSourcesBuildPhase;
			buildActionMask = 2147483647;
			files = (
				ED7890C12CB29F2300721730 /* TrackerTests.swift in Sources */,
			);
			runOnlyForDeploymentPostprocessing = 0;
		};
		ED7890942CAC722D00721730 /* Sources */ = {
			isa = PBXSourcesBuildPhase;
			buildActionMask = 2147483647;
			files = (
				ED7890C52CB29F2400721730 /* TrackerUITests.swift in Sources */,
				ED7890C62CB29F2400721730 /* TrackerUITestsLaunchTests.swift in Sources */,
			);
			runOnlyForDeploymentPostprocessing = 0;
		};
/* End PBXSourcesBuildPhase section */

/* Begin PBXTargetDependency section */
		ED7890902CAC722D00721730 /* PBXTargetDependency */ = {
			isa = PBXTargetDependency;
			target = ED7890772CAC722B00721730 /* Tracker */;
			targetProxy = ED78908F2CAC722D00721730 /* PBXContainerItemProxy */;
		};
		ED78909A2CAC722D00721730 /* PBXTargetDependency */ = {
			isa = PBXTargetDependency;
			target = ED7890772CAC722B00721730 /* Tracker */;
			targetProxy = ED7890992CAC722D00721730 /* PBXContainerItemProxy */;
		};
/* End PBXTargetDependency section */

/* Begin PBXVariantGroup section */
		ED7890B02CAC727600721730 /* LaunchScreen.storyboard */ = {
			isa = PBXVariantGroup;
			children = (
				ED7890AF2CAC727600721730 /* Base */,
			);
			name = LaunchScreen.storyboard;
			sourceTree = "<group>";
		};
/* End PBXVariantGroup section */

/* Begin XCBuildConfiguration section */
		ED7890A22CAC722D00721730 /* Debug */ = {
			isa = XCBuildConfiguration;
			buildSettings = {
				ASSETCATALOG_COMPILER_APPICON_NAME = AppIcon;
				ASSETCATALOG_COMPILER_GLOBAL_ACCENT_COLOR_NAME = AccentColor;
				CODE_SIGN_STYLE = Automatic;
				CURRENT_PROJECT_VERSION = 1;
				DEVELOPMENT_TEAM = CTS98382Z5;
				GENERATE_INFOPLIST_FILE = YES;
				INFOPLIST_FILE = Tracker/Info.plist;
				INFOPLIST_KEY_LSApplicationCategoryType = "public.app-category.productivity";
				INFOPLIST_KEY_UIApplicationSupportsIndirectInputEvents = YES;
				INFOPLIST_KEY_UILaunchStoryboardName = LaunchScreen;
				INFOPLIST_KEY_UIStatusBarStyle = "";
				INFOPLIST_KEY_UISupportedInterfaceOrientations = UIInterfaceOrientationPortrait;
				INFOPLIST_KEY_UISupportedInterfaceOrientations_iPad = "UIInterfaceOrientationLandscapeLeft UIInterfaceOrientationLandscapeRight UIInterfaceOrientationPortrait UIInterfaceOrientationPortraitUpsideDown";
				IPHONEOS_DEPLOYMENT_TARGET = 13.4;
				LD_RUNPATH_SEARCH_PATHS = (
					"$(inherited)",
					"@executable_path/Frameworks",
				);
				MARKETING_VERSION = 1.0;
				PRODUCT_BUNDLE_IDENTIFIER = com.praktikum.tracker.Tracker;
				PRODUCT_NAME = "$(TARGET_NAME)";
				SUPPORTED_PLATFORMS = "iphoneos iphonesimulator";
				SUPPORTS_MACCATALYST = NO;
				SUPPORTS_MAC_DESIGNED_FOR_IPHONE_IPAD = NO;
				SUPPORTS_XR_DESIGNED_FOR_IPHONE_IPAD = NO;
				SWIFT_EMIT_LOC_STRINGS = YES;
				SWIFT_VERSION = 5.0;
				TARGETED_DEVICE_FAMILY = 1;
			};
			name = Debug;
		};
		ED7890A32CAC722D00721730 /* Release */ = {
			isa = XCBuildConfiguration;
			buildSettings = {
				ASSETCATALOG_COMPILER_APPICON_NAME = AppIcon;
				ASSETCATALOG_COMPILER_GLOBAL_ACCENT_COLOR_NAME = AccentColor;
				CODE_SIGN_STYLE = Automatic;
				CURRENT_PROJECT_VERSION = 1;
				DEVELOPMENT_TEAM = CTS98382Z5;
				GENERATE_INFOPLIST_FILE = YES;
				INFOPLIST_FILE = Tracker/Info.plist;
				INFOPLIST_KEY_LSApplicationCategoryType = "public.app-category.productivity";
				INFOPLIST_KEY_UIApplicationSupportsIndirectInputEvents = YES;
				INFOPLIST_KEY_UILaunchStoryboardName = LaunchScreen;
				INFOPLIST_KEY_UIStatusBarStyle = "";
				INFOPLIST_KEY_UISupportedInterfaceOrientations = UIInterfaceOrientationPortrait;
				INFOPLIST_KEY_UISupportedInterfaceOrientations_iPad = "UIInterfaceOrientationLandscapeLeft UIInterfaceOrientationLandscapeRight UIInterfaceOrientationPortrait UIInterfaceOrientationPortraitUpsideDown";
				IPHONEOS_DEPLOYMENT_TARGET = 13.4;
				LD_RUNPATH_SEARCH_PATHS = (
					"$(inherited)",
					"@executable_path/Frameworks",
				);
				MARKETING_VERSION = 1.0;
				PRODUCT_BUNDLE_IDENTIFIER = com.praktikum.tracker.Tracker;
				PRODUCT_NAME = "$(TARGET_NAME)";
				SUPPORTED_PLATFORMS = "iphoneos iphonesimulator";
				SUPPORTS_MACCATALYST = NO;
				SUPPORTS_MAC_DESIGNED_FOR_IPHONE_IPAD = NO;
				SUPPORTS_XR_DESIGNED_FOR_IPHONE_IPAD = NO;
				SWIFT_EMIT_LOC_STRINGS = YES;
				SWIFT_VERSION = 5.0;
				TARGETED_DEVICE_FAMILY = 1;
			};
			name = Release;
		};
		ED7890A42CAC722D00721730 /* Debug */ = {
			isa = XCBuildConfiguration;
			buildSettings = {
				ALWAYS_SEARCH_USER_PATHS = NO;
				ASSETCATALOG_COMPILER_GENERATE_SWIFT_ASSET_SYMBOL_EXTENSIONS = YES;
				CLANG_ANALYZER_NONNULL = YES;
				CLANG_ANALYZER_NUMBER_OBJECT_CONVERSION = YES_AGGRESSIVE;
				CLANG_CXX_LANGUAGE_STANDARD = "gnu++20";
				CLANG_ENABLE_MODULES = YES;
				CLANG_ENABLE_OBJC_ARC = YES;
				CLANG_ENABLE_OBJC_WEAK = YES;
				CLANG_WARN_BLOCK_CAPTURE_AUTORELEASING = YES;
				CLANG_WARN_BOOL_CONVERSION = YES;
				CLANG_WARN_COMMA = YES;
				CLANG_WARN_CONSTANT_CONVERSION = YES;
				CLANG_WARN_DEPRECATED_OBJC_IMPLEMENTATIONS = YES;
				CLANG_WARN_DIRECT_OBJC_ISA_USAGE = YES_ERROR;
				CLANG_WARN_DOCUMENTATION_COMMENTS = YES;
				CLANG_WARN_EMPTY_BODY = YES;
				CLANG_WARN_ENUM_CONVERSION = YES;
				CLANG_WARN_INFINITE_RECURSION = YES;
				CLANG_WARN_INT_CONVERSION = YES;
				CLANG_WARN_NON_LITERAL_NULL_CONVERSION = YES;
				CLANG_WARN_OBJC_IMPLICIT_RETAIN_SELF = YES;
				CLANG_WARN_OBJC_LITERAL_CONVERSION = YES;
				CLANG_WARN_OBJC_ROOT_CLASS = YES_ERROR;
				CLANG_WARN_QUOTED_INCLUDE_IN_FRAMEWORK_HEADER = YES;
				CLANG_WARN_RANGE_LOOP_ANALYSIS = YES;
				CLANG_WARN_STRICT_PROTOTYPES = YES;
				CLANG_WARN_SUSPICIOUS_MOVE = YES;
				CLANG_WARN_UNGUARDED_AVAILABILITY = YES_AGGRESSIVE;
				CLANG_WARN_UNREACHABLE_CODE = YES;
				CLANG_WARN__DUPLICATE_METHOD_MATCH = YES;
				COPY_PHASE_STRIP = NO;
				DEBUG_INFORMATION_FORMAT = dwarf;
				ENABLE_STRICT_OBJC_MSGSEND = YES;
				ENABLE_TESTABILITY = YES;
				ENABLE_USER_SCRIPT_SANDBOXING = YES;
				GCC_C_LANGUAGE_STANDARD = gnu17;
				GCC_DYNAMIC_NO_PIC = NO;
				GCC_NO_COMMON_BLOCKS = YES;
				GCC_OPTIMIZATION_LEVEL = 0;
				GCC_PREPROCESSOR_DEFINITIONS = (
					"DEBUG=1",
					"$(inherited)",
				);
				GCC_WARN_64_TO_32_BIT_CONVERSION = YES;
				GCC_WARN_ABOUT_RETURN_TYPE = YES_ERROR;
				GCC_WARN_UNDECLARED_SELECTOR = YES;
				GCC_WARN_UNINITIALIZED_AUTOS = YES_AGGRESSIVE;
				GCC_WARN_UNUSED_FUNCTION = YES;
				GCC_WARN_UNUSED_VARIABLE = YES;
				IPHONEOS_DEPLOYMENT_TARGET = 18.0;
				LOCALIZATION_PREFERS_STRING_CATALOGS = YES;
				MTL_ENABLE_DEBUG_INFO = INCLUDE_SOURCE;
				MTL_FAST_MATH = YES;
				ONLY_ACTIVE_ARCH = YES;
				SDKROOT = iphoneos;
				SWIFT_ACTIVE_COMPILATION_CONDITIONS = "DEBUG $(inherited)";
				SWIFT_OPTIMIZATION_LEVEL = "-Onone";
			};
			name = Debug;
		};
		ED7890A52CAC722D00721730 /* Release */ = {
			isa = XCBuildConfiguration;
			buildSettings = {
				ALWAYS_SEARCH_USER_PATHS = NO;
				ASSETCATALOG_COMPILER_GENERATE_SWIFT_ASSET_SYMBOL_EXTENSIONS = YES;
				CLANG_ANALYZER_NONNULL = YES;
				CLANG_ANALYZER_NUMBER_OBJECT_CONVERSION = YES_AGGRESSIVE;
				CLANG_CXX_LANGUAGE_STANDARD = "gnu++20";
				CLANG_ENABLE_MODULES = YES;
				CLANG_ENABLE_OBJC_ARC = YES;
				CLANG_ENABLE_OBJC_WEAK = YES;
				CLANG_WARN_BLOCK_CAPTURE_AUTORELEASING = YES;
				CLANG_WARN_BOOL_CONVERSION = YES;
				CLANG_WARN_COMMA = YES;
				CLANG_WARN_CONSTANT_CONVERSION = YES;
				CLANG_WARN_DEPRECATED_OBJC_IMPLEMENTATIONS = YES;
				CLANG_WARN_DIRECT_OBJC_ISA_USAGE = YES_ERROR;
				CLANG_WARN_DOCUMENTATION_COMMENTS = YES;
				CLANG_WARN_EMPTY_BODY = YES;
				CLANG_WARN_ENUM_CONVERSION = YES;
				CLANG_WARN_INFINITE_RECURSION = YES;
				CLANG_WARN_INT_CONVERSION = YES;
				CLANG_WARN_NON_LITERAL_NULL_CONVERSION = YES;
				CLANG_WARN_OBJC_IMPLICIT_RETAIN_SELF = YES;
				CLANG_WARN_OBJC_LITERAL_CONVERSION = YES;
				CLANG_WARN_OBJC_ROOT_CLASS = YES_ERROR;
				CLANG_WARN_QUOTED_INCLUDE_IN_FRAMEWORK_HEADER = YES;
				CLANG_WARN_RANGE_LOOP_ANALYSIS = YES;
				CLANG_WARN_STRICT_PROTOTYPES = YES;
				CLANG_WARN_SUSPICIOUS_MOVE = YES;
				CLANG_WARN_UNGUARDED_AVAILABILITY = YES_AGGRESSIVE;
				CLANG_WARN_UNREACHABLE_CODE = YES;
				CLANG_WARN__DUPLICATE_METHOD_MATCH = YES;
				COPY_PHASE_STRIP = NO;
				DEBUG_INFORMATION_FORMAT = "dwarf-with-dsym";
				ENABLE_NS_ASSERTIONS = NO;
				ENABLE_STRICT_OBJC_MSGSEND = YES;
				ENABLE_USER_SCRIPT_SANDBOXING = YES;
				GCC_C_LANGUAGE_STANDARD = gnu17;
				GCC_NO_COMMON_BLOCKS = YES;
				GCC_WARN_64_TO_32_BIT_CONVERSION = YES;
				GCC_WARN_ABOUT_RETURN_TYPE = YES_ERROR;
				GCC_WARN_UNDECLARED_SELECTOR = YES;
				GCC_WARN_UNINITIALIZED_AUTOS = YES_AGGRESSIVE;
				GCC_WARN_UNUSED_FUNCTION = YES;
				GCC_WARN_UNUSED_VARIABLE = YES;
				IPHONEOS_DEPLOYMENT_TARGET = 18.0;
				LOCALIZATION_PREFERS_STRING_CATALOGS = YES;
				MTL_ENABLE_DEBUG_INFO = NO;
				MTL_FAST_MATH = YES;
				SDKROOT = iphoneos;
				SWIFT_COMPILATION_MODE = wholemodule;
				VALIDATE_PRODUCT = YES;
			};
			name = Release;
		};
		ED7890A72CAC722D00721730 /* Debug */ = {
			isa = XCBuildConfiguration;
			buildSettings = {
				BUNDLE_LOADER = "$(TEST_HOST)";
				CODE_SIGN_STYLE = Automatic;
				CURRENT_PROJECT_VERSION = 1;
				DEVELOPMENT_TEAM = CTS98382Z5;
				GENERATE_INFOPLIST_FILE = YES;
				IPHONEOS_DEPLOYMENT_TARGET = 18.0;
				MARKETING_VERSION = 1.0;
				PRODUCT_BUNDLE_IDENTIFIER = com.praktikum.tracker.TrackerTests;
				PRODUCT_NAME = "$(TARGET_NAME)";
				SWIFT_EMIT_LOC_STRINGS = NO;
				SWIFT_VERSION = 5.0;
				TARGETED_DEVICE_FAMILY = "1,2";
				TEST_HOST = "$(BUILT_PRODUCTS_DIR)/Tracker.app/$(BUNDLE_EXECUTABLE_FOLDER_PATH)/Tracker";
			};
			name = Debug;
		};
		ED7890A82CAC722D00721730 /* Release */ = {
			isa = XCBuildConfiguration;
			buildSettings = {
				BUNDLE_LOADER = "$(TEST_HOST)";
				CODE_SIGN_STYLE = Automatic;
				CURRENT_PROJECT_VERSION = 1;
				DEVELOPMENT_TEAM = CTS98382Z5;
				GENERATE_INFOPLIST_FILE = YES;
				IPHONEOS_DEPLOYMENT_TARGET = 18.0;
				MARKETING_VERSION = 1.0;
				PRODUCT_BUNDLE_IDENTIFIER = com.praktikum.tracker.TrackerTests;
				PRODUCT_NAME = "$(TARGET_NAME)";
				SWIFT_EMIT_LOC_STRINGS = NO;
				SWIFT_VERSION = 5.0;
				TARGETED_DEVICE_FAMILY = "1,2";
				TEST_HOST = "$(BUILT_PRODUCTS_DIR)/Tracker.app/$(BUNDLE_EXECUTABLE_FOLDER_PATH)/Tracker";
			};
			name = Release;
		};
		ED7890AA2CAC722D00721730 /* Debug */ = {
			isa = XCBuildConfiguration;
			buildSettings = {
				CODE_SIGN_STYLE = Automatic;
				CURRENT_PROJECT_VERSION = 1;
				DEVELOPMENT_TEAM = CTS98382Z5;
				GENERATE_INFOPLIST_FILE = YES;
				MARKETING_VERSION = 1.0;
				PRODUCT_BUNDLE_IDENTIFIER = com.praktikum.tracker.TrackerUITests;
				PRODUCT_NAME = "$(TARGET_NAME)";
				SWIFT_EMIT_LOC_STRINGS = NO;
				SWIFT_VERSION = 5.0;
				TARGETED_DEVICE_FAMILY = "1,2";
				TEST_TARGET_NAME = Tracker;
			};
			name = Debug;
		};
		ED7890AB2CAC722D00721730 /* Release */ = {
			isa = XCBuildConfiguration;
			buildSettings = {
				CODE_SIGN_STYLE = Automatic;
				CURRENT_PROJECT_VERSION = 1;
				DEVELOPMENT_TEAM = CTS98382Z5;
				GENERATE_INFOPLIST_FILE = YES;
				MARKETING_VERSION = 1.0;
				PRODUCT_BUNDLE_IDENTIFIER = com.praktikum.tracker.TrackerUITests;
				PRODUCT_NAME = "$(TARGET_NAME)";
				SWIFT_EMIT_LOC_STRINGS = NO;
				SWIFT_VERSION = 5.0;
				TARGETED_DEVICE_FAMILY = "1,2";
				TEST_TARGET_NAME = Tracker;
			};
			name = Release;
		};
/* End XCBuildConfiguration section */

/* Begin XCConfigurationList section */
		ED7890732CAC722B00721730 /* Build configuration list for PBXProject "Tracker" */ = {
			isa = XCConfigurationList;
			buildConfigurations = (
				ED7890A42CAC722D00721730 /* Debug */,
				ED7890A52CAC722D00721730 /* Release */,
			);
			defaultConfigurationIsVisible = 0;
			defaultConfigurationName = Release;
		};
		ED7890A12CAC722D00721730 /* Build configuration list for PBXNativeTarget "Tracker" */ = {
			isa = XCConfigurationList;
			buildConfigurations = (
				ED7890A22CAC722D00721730 /* Debug */,
				ED7890A32CAC722D00721730 /* Release */,
			);
			defaultConfigurationIsVisible = 0;
			defaultConfigurationName = Release;
		};
		ED7890A62CAC722D00721730 /* Build configuration list for PBXNativeTarget "TrackerTests" */ = {
			isa = XCConfigurationList;
			buildConfigurations = (
				ED7890A72CAC722D00721730 /* Debug */,
				ED7890A82CAC722D00721730 /* Release */,
			);
			defaultConfigurationIsVisible = 0;
			defaultConfigurationName = Release;
		};
		ED7890A92CAC722D00721730 /* Build configuration list for PBXNativeTarget "TrackerUITests" */ = {
			isa = XCConfigurationList;
			buildConfigurations = (
				ED7890AA2CAC722D00721730 /* Debug */,
				ED7890AB2CAC722D00721730 /* Release */,
			);
			defaultConfigurationIsVisible = 0;
			defaultConfigurationName = Release;
		};
/* End XCConfigurationList section */
	};
	rootObject = ED7890702CAC722B00721730 /* Project object */;
}
