// !$*UTF8*$!
{
	archiveVersion = 1;
	classes = {
	};
	objectVersion = 77;
	objects = {

/* Begin PBXBuildFile section */
		ED121A992D0D91B5001EE8C5 /* TrackerCategory.swift in Sources */ = {isa = PBXBuildFile; fileRef = ED121A902D0D91B5001EE8C5 /* TrackerCategory.swift */; };
		ED121A9A2D0D91B5001EE8C5 /* TrackerRecord.swift in Sources */ = {isa = PBXBuildFile; fileRef = ED121A912D0D91B5001EE8C5 /* TrackerRecord.swift */; };
		ED121A9B2D0D91B5001EE8C5 /* Tracker.swift in Sources */ = {isa = PBXBuildFile; fileRef = ED121A8F2D0D91B5001EE8C5 /* Tracker.swift */; };
		ED121A9F2D0D91EA001EE8C5 /* CustomTextField.swift in Sources */ = {isa = PBXBuildFile; fileRef = ED121A9E2D0D91EA001EE8C5 /* CustomTextField.swift */; };
		ED121AA12D0D9C68001EE8C5 /* NotificationNames.swift in Sources */ = {isa = PBXBuildFile; fileRef = ED121AA02D0D9C68001EE8C5 /* NotificationNames.swift */; };
		ED67B1F92CDD333400347C20 /* TrackerCellView.swift in Sources */ = {isa = PBXBuildFile; fileRef = ED67B1F82CDD333400347C20 /* TrackerCellView.swift */; };
		ED67B1FB2CDE904700347C20 /* TrackerCellHeaderView.swift in Sources */ = {isa = PBXBuildFile; fileRef = ED67B1FA2CDE904700347C20 /* TrackerCellHeaderView.swift */; };
		ED7890B62CAC727600721730 /* Assets.xcassets in Resources */ = {isa = PBXBuildFile; fileRef = ED7890AD2CAC727600721730 /* Assets.xcassets */; };
		ED7890B82CAC727600721730 /* LaunchScreen.storyboard in Resources */ = {isa = PBXBuildFile; fileRef = ED7890B02CAC727600721730 /* LaunchScreen.storyboard */; };
		ED7890BA2CAC727600721730 /* AppDelegate.swift in Sources */ = {isa = PBXBuildFile; fileRef = ED7890AC2CAC727600721730 /* AppDelegate.swift */; };
		ED7890BB2CAC727600721730 /* SceneDelegate.swift in Sources */ = {isa = PBXBuildFile; fileRef = ED7890B32CAC727600721730 /* SceneDelegate.swift */; };
		ED7890BE2CAEF50C00721730 /* TabBarController.swift in Sources */ = {isa = PBXBuildFile; fileRef = ED7890BD2CAEF50C00721730 /* TabBarController.swift */; };
		ED7890CA2CB29F5E00721730 /* StatsViewController.swift in Sources */ = {isa = PBXBuildFile; fileRef = ED7890C92CB29F5E00721730 /* StatsViewController.swift */; };
		ED7890CC2CB29F6A00721730 /* TrackersViewController.swift in Sources */ = {isa = PBXBuildFile; fileRef = ED7890CB2CB29F6A00721730 /* TrackersViewController.swift */; };
		EDA91B212D1AF55100A00F86 /* HideKeyboardExtension.swift in Sources */ = {isa = PBXBuildFile; fileRef = EDA91B202D1AF55000A00F86 /* HideKeyboardExtension.swift */; };
		EDA91B702D1C615700A00F86 /* DateSenderProtocol.swift in Sources */ = {isa = PBXBuildFile; fileRef = EDA91B6F2D1C615700A00F86 /* DateSenderProtocol.swift */; };
		EDA91B722D1C62EE00A00F86 /* CategorySenderProtocol.swift in Sources */ = {isa = PBXBuildFile; fileRef = EDA91B712D1C62EE00A00F86 /* CategorySenderProtocol.swift */; };
		EDA91B742D1C770F00A00F86 /* TrackerSender.swift in Sources */ = {isa = PBXBuildFile; fileRef = EDA91B732D1C770F00A00F86 /* TrackerSender.swift */; };
		EDB0ECC52D21B633006075B5 /* Constants.swift in Sources */ = {isa = PBXBuildFile; fileRef = EDB0ECC42D21B633006075B5 /* Constants.swift */; };
		EDB0ED122D240F12006075B5 /* ColorCellView.swift in Sources */ = {isa = PBXBuildFile; fileRef = EDB0ED112D240F12006075B5 /* ColorCellView.swift */; };
		EDB0ED142D240F36006075B5 /* EmojiCellView.swift in Sources */ = {isa = PBXBuildFile; fileRef = EDB0ED132D240F36006075B5 /* EmojiCellView.swift */; };
		EDB0ED602D289089006075B5 /* HeaderForColorEmojiCollections.swift in Sources */ = {isa = PBXBuildFile; fileRef = EDB0ED5F2D289089006075B5 /* HeaderForColorEmojiCollections.swift */; };
		EDB0ED8D2D2ED0D0006075B5 /* TrackerStore.swift in Sources */ = {isa = PBXBuildFile; fileRef = EDB0ED8C2D2ED0D0006075B5 /* TrackerStore.swift */; };
		EDB0ED8F2D2ED0E8006075B5 /* TrackerCategoryStore.swift in Sources */ = {isa = PBXBuildFile; fileRef = EDB0ED8E2D2ED0E8006075B5 /* TrackerCategoryStore.swift */; };
		EDB0ED912D2ED0FF006075B5 /* TrackerRecordStore.swift in Sources */ = {isa = PBXBuildFile; fileRef = EDB0ED902D2ED0FF006075B5 /* TrackerRecordStore.swift */; };
		EDB0ED962D31C2A3006075B5 /* TrackerData.xcdatamodeld in Sources */ = {isa = PBXBuildFile; fileRef = EDB0ED942D31C2A3006075B5 /* TrackerData.xcdatamodeld */; };
		EDB0EFC12D4156D7006075B5 /* OnboardingViewController.swift in Sources */ = {isa = PBXBuildFile; fileRef = EDB0EFC02D4156D7006075B5 /* OnboardingViewController.swift */; };
		EDB0EFC32D4158E8006075B5 /* OnboardingPageViewController.swift in Sources */ = {isa = PBXBuildFile; fileRef = EDB0EFC22D4158E8006075B5 /* OnboardingPageViewController.swift */; };
		EDB0EFC72D4176C9006075B5 /* RootViewControllerStatus.swift in Sources */ = {isa = PBXBuildFile; fileRef = EDB0EFC62D4176C9006075B5 /* RootViewControllerStatus.swift */; };
		EDB0F04B2D42B572006075B5 /* CategoryMainViewModel.swift in Sources */ = {isa = PBXBuildFile; fileRef = EDB0F04A2D42B572006075B5 /* CategoryMainViewModel.swift */; };
		EDB0F04D2D452CF8006075B5 /* Binding.swift in Sources */ = {isa = PBXBuildFile; fileRef = EDB0F04C2D452CF8006075B5 /* Binding.swift */; };
		EDE6A9472CC6B5FA0038CBBA /* CategoryCreaterViewController.swift in Sources */ = {isa = PBXBuildFile; fileRef = EDE6A9462CC6B5F90038CBBA /* CategoryCreaterViewController.swift */; };
		EDE6A9512CCFD3800038CBBA /* UnregularEventCreaterViewController.swift in Sources */ = {isa = PBXBuildFile; fileRef = EDE6A9502CCFD3800038CBBA /* UnregularEventCreaterViewController.swift */; };
		EDFE37072CC031A800C672E1 /* TrackerChoiceViewController.swift in Sources */ = {isa = PBXBuildFile; fileRef = EDFE37062CC031A800C672E1 /* TrackerChoiceViewController.swift */; };
		EDFE370B2CC2D71F00C672E1 /* HabitCreaterViewController.swift in Sources */ = {isa = PBXBuildFile; fileRef = EDFE370A2CC2D71F00C672E1 /* HabitCreaterViewController.swift */; };
		EDFE370D2CC6783400C672E1 /* ScheduleViewController.swift in Sources */ = {isa = PBXBuildFile; fileRef = EDFE370C2CC6783400C672E1 /* ScheduleViewController.swift */; };
		EDFE370F2CC6AF0B00C672E1 /* CategoryMainViewController.swift in Sources */ = {isa = PBXBuildFile; fileRef = EDFE370E2CC6AF0B00C672E1 /* CategoryMainViewController.swift */; };
/* End PBXBuildFile section */

/* Begin PBXContainerItemProxy section */
		ED78908F2CAC722D00721730 /* PBXContainerItemProxy */ = {
			isa = PBXContainerItemProxy;
			containerPortal = ED7890702CAC722B00721730 /* Project object */;
			proxyType = 1;
			remoteGlobalIDString = ED7890772CAC722B00721730;
			remoteInfo = Tracker;
		};
		ED7890992CAC722D00721730 /* PBXContainerItemProxy */ = {
			isa = PBXContainerItemProxy;
			containerPortal = ED7890702CAC722B00721730 /* Project object */;
			proxyType = 1;
			remoteGlobalIDString = ED7890772CAC722B00721730;
			remoteInfo = Tracker;
		};
/* End PBXContainerItemProxy section */

/* Begin PBXFileReference section */
		ED121A8F2D0D91B5001EE8C5 /* Tracker.swift */ = {isa = PBXFileReference; lastKnownFileType = sourcecode.swift; path = Tracker.swift; sourceTree = "<group>"; };
		ED121A902D0D91B5001EE8C5 /* TrackerCategory.swift */ = {isa = PBXFileReference; lastKnownFileType = sourcecode.swift; path = TrackerCategory.swift; sourceTree = "<group>"; };
		ED121A912D0D91B5001EE8C5 /* TrackerRecord.swift */ = {isa = PBXFileReference; lastKnownFileType = sourcecode.swift; path = TrackerRecord.swift; sourceTree = "<group>"; };
		ED121A9E2D0D91EA001EE8C5 /* CustomTextField.swift */ = {isa = PBXFileReference; lastKnownFileType = sourcecode.swift; path = CustomTextField.swift; sourceTree = "<group>"; };
		ED121AA02D0D9C68001EE8C5 /* NotificationNames.swift */ = {isa = PBXFileReference; lastKnownFileType = sourcecode.swift; path = NotificationNames.swift; sourceTree = "<group>"; };
		ED67B1F82CDD333400347C20 /* TrackerCellView.swift */ = {isa = PBXFileReference; lastKnownFileType = sourcecode.swift; path = TrackerCellView.swift; sourceTree = "<group>"; };
		ED67B1FA2CDE904700347C20 /* TrackerCellHeaderView.swift */ = {isa = PBXFileReference; lastKnownFileType = sourcecode.swift; path = TrackerCellHeaderView.swift; sourceTree = "<group>"; };
		ED7890782CAC722B00721730 /* Tracker.app */ = {isa = PBXFileReference; explicitFileType = wrapper.application; includeInIndex = 0; path = Tracker.app; sourceTree = BUILT_PRODUCTS_DIR; };
		ED78908E2CAC722D00721730 /* TrackerTests.xctest */ = {isa = PBXFileReference; explicitFileType = wrapper.cfbundle; includeInIndex = 0; path = TrackerTests.xctest; sourceTree = BUILT_PRODUCTS_DIR; };
		ED7890982CAC722D00721730 /* TrackerUITests.xctest */ = {isa = PBXFileReference; explicitFileType = wrapper.cfbundle; includeInIndex = 0; path = TrackerUITests.xctest; sourceTree = BUILT_PRODUCTS_DIR; };
		ED7890AC2CAC727600721730 /* AppDelegate.swift */ = {isa = PBXFileReference; lastKnownFileType = sourcecode.swift; path = AppDelegate.swift; sourceTree = "<group>"; };
		ED7890AD2CAC727600721730 /* Assets.xcassets */ = {isa = PBXFileReference; lastKnownFileType = folder.assetcatalog; path = Assets.xcassets; sourceTree = "<group>"; };
		ED7890AE2CAC727600721730 /* Info.plist */ = {isa = PBXFileReference; lastKnownFileType = text.plist.xml; path = Info.plist; sourceTree = "<group>"; };
		ED7890AF2CAC727600721730 /* Base */ = {isa = PBXFileReference; lastKnownFileType = file.storyboard; name = Base; path = Base.lproj/LaunchScreen.storyboard; sourceTree = "<group>"; };
		ED7890B32CAC727600721730 /* SceneDelegate.swift */ = {isa = PBXFileReference; lastKnownFileType = sourcecode.swift; path = SceneDelegate.swift; sourceTree = "<group>"; };
		ED7890BD2CAEF50C00721730 /* TabBarController.swift */ = {isa = PBXFileReference; lastKnownFileType = sourcecode.swift; path = TabBarController.swift; sourceTree = "<group>"; };
		ED7890C92CB29F5E00721730 /* StatsViewController.swift */ = {isa = PBXFileReference; lastKnownFileType = sourcecode.swift; path = StatsViewController.swift; sourceTree = "<group>"; };
		ED7890CB2CB29F6A00721730 /* TrackersViewController.swift */ = {isa = PBXFileReference; lastKnownFileType = sourcecode.swift; path = TrackersViewController.swift; sourceTree = "<group>"; };
		EDA91B202D1AF55000A00F86 /* HideKeyboardExtension.swift */ = {isa = PBXFileReference; lastKnownFileType = sourcecode.swift; path = HideKeyboardExtension.swift; sourceTree = "<group>"; };
		EDA91B6F2D1C615700A00F86 /* DateSenderProtocol.swift */ = {isa = PBXFileReference; lastKnownFileType = sourcecode.swift; path = DateSenderProtocol.swift; sourceTree = "<group>"; };
		EDA91B712D1C62EE00A00F86 /* CategorySenderProtocol.swift */ = {isa = PBXFileReference; lastKnownFileType = sourcecode.swift; path = CategorySenderProtocol.swift; sourceTree = "<group>"; };
		EDA91B732D1C770F00A00F86 /* TrackerSender.swift */ = {isa = PBXFileReference; lastKnownFileType = sourcecode.swift; path = TrackerSender.swift; sourceTree = "<group>"; };
		EDB0ECC42D21B633006075B5 /* Constants.swift */ = {isa = PBXFileReference; lastKnownFileType = sourcecode.swift; path = Constants.swift; sourceTree = "<group>"; };
		EDB0ED112D240F12006075B5 /* ColorCellView.swift */ = {isa = PBXFileReference; lastKnownFileType = sourcecode.swift; path = ColorCellView.swift; sourceTree = "<group>"; };
		EDB0ED132D240F36006075B5 /* EmojiCellView.swift */ = {isa = PBXFileReference; lastKnownFileType = sourcecode.swift; path = EmojiCellView.swift; sourceTree = "<group>"; };
		EDB0ED5F2D289089006075B5 /* HeaderForColorEmojiCollections.swift */ = {isa = PBXFileReference; lastKnownFileType = sourcecode.swift; path = HeaderForColorEmojiCollections.swift; sourceTree = "<group>"; };
		EDB0ED8C2D2ED0D0006075B5 /* TrackerStore.swift */ = {isa = PBXFileReference; lastKnownFileType = sourcecode.swift; path = TrackerStore.swift; sourceTree = "<group>"; };
		EDB0ED8E2D2ED0E8006075B5 /* TrackerCategoryStore.swift */ = {isa = PBXFileReference; lastKnownFileType = sourcecode.swift; path = TrackerCategoryStore.swift; sourceTree = "<group>"; };
		EDB0ED902D2ED0FF006075B5 /* TrackerRecordStore.swift */ = {isa = PBXFileReference; lastKnownFileType = sourcecode.swift; path = TrackerRecordStore.swift; sourceTree = "<group>"; };
		EDB0ED952D31C2A3006075B5 /* TrackerData.xcdatamodel */ = {isa = PBXFileReference; lastKnownFileType = wrapper.xcdatamodel; path = TrackerData.xcdatamodel; sourceTree = "<group>"; };
		EDB0EFC02D4156D7006075B5 /* OnboardingViewController.swift */ = {isa = PBXFileReference; lastKnownFileType = sourcecode.swift; path = OnboardingViewController.swift; sourceTree = "<group>"; };
		EDB0EFC22D4158E8006075B5 /* OnboardingPageViewController.swift */ = {isa = PBXFileReference; lastKnownFileType = sourcecode.swift; path = OnboardingPageViewController.swift; sourceTree = "<group>"; };
		EDB0EFC62D4176C9006075B5 /* RootViewControllerStatus.swift */ = {isa = PBXFileReference; lastKnownFileType = sourcecode.swift; path = RootViewControllerStatus.swift; sourceTree = "<group>"; };
		EDB0F04A2D42B572006075B5 /* CategoryMainViewModel.swift */ = {isa = PBXFileReference; lastKnownFileType = sourcecode.swift; path = CategoryMainViewModel.swift; sourceTree = "<group>"; };
		EDB0F04C2D452CF8006075B5 /* Binding.swift */ = {isa = PBXFileReference; lastKnownFileType = sourcecode.swift; path = Binding.swift; sourceTree = "<group>"; };
		EDE6A9462CC6B5F90038CBBA /* CategoryCreaterViewController.swift */ = {isa = PBXFileReference; lastKnownFileType = sourcecode.swift; path = CategoryCreaterViewController.swift; sourceTree = "<group>"; };
		EDE6A9502CCFD3800038CBBA /* UnregularEventCreaterViewController.swift */ = {isa = PBXFileReference; lastKnownFileType = sourcecode.swift; path = UnregularEventCreaterViewController.swift; sourceTree = "<group>"; };
		EDFE37062CC031A800C672E1 /* TrackerChoiceViewController.swift */ = {isa = PBXFileReference; lastKnownFileType = sourcecode.swift; path = TrackerChoiceViewController.swift; sourceTree = "<group>"; };
		EDFE370A2CC2D71F00C672E1 /* HabitCreaterViewController.swift */ = {isa = PBXFileReference; lastKnownFileType = sourcecode.swift; path = HabitCreaterViewController.swift; sourceTree = "<group>"; };
		EDFE370C2CC6783400C672E1 /* ScheduleViewController.swift */ = {isa = PBXFileReference; lastKnownFileType = sourcecode.swift; path = ScheduleViewController.swift; sourceTree = "<group>"; };
		EDFE370E2CC6AF0B00C672E1 /* CategoryMainViewController.swift */ = {isa = PBXFileReference; lastKnownFileType = sourcecode.swift; path = CategoryMainViewController.swift; sourceTree = "<group>"; };
/* End PBXFileReference section */

/* Begin PBXFrameworksBuildPhase section */
		ED7890752CAC722B00721730 /* Frameworks */ = {
			isa = PBXFrameworksBuildPhase;
			buildActionMask = 2147483647;
			files = (
			);
			runOnlyForDeploymentPostprocessing = 0;
		};
		ED78908B2CAC722D00721730 /* Frameworks */ = {
			isa = PBXFrameworksBuildPhase;
			buildActionMask = 2147483647;
			files = (
			);
			runOnlyForDeploymentPostprocessing = 0;
		};
		ED7890952CAC722D00721730 /* Frameworks */ = {
			isa = PBXFrameworksBuildPhase;
			buildActionMask = 2147483647;
			files = (
			);
			runOnlyForDeploymentPostprocessing = 0;
		};
/* End PBXFrameworksBuildPhase section */

/* Begin PBXGroup section */
		ED121A922D0D91B5001EE8C5 /* Models */ = {
			isa = PBXGroup;
			children = (
				ED121A8F2D0D91B5001EE8C5 /* Tracker.swift */,
				ED121A902D0D91B5001EE8C5 /* TrackerCategory.swift */,
				ED121A912D0D91B5001EE8C5 /* TrackerRecord.swift */,
			);
			path = Models;
			sourceTree = "<group>";
		};
		ED121A962D0D91B5001EE8C5 /* Data */ = {
			isa = PBXGroup;
			children = (
				EDB0ED942D31C2A3006075B5 /* TrackerData.xcdatamodeld */,
				EDB0EFC62D4176C9006075B5 /* RootViewControllerStatus.swift */,
				ED121A922D0D91B5001EE8C5 /* Models */,
				EDB0ED8B2D2ED0BA006075B5 /* CoreDataStore */,
				ED121A972D0D91B5001EE8C5 /* Helpers */,
			);
			path = Data;
			sourceTree = "<group>";
		};
		ED121A972D0D91B5001EE8C5 /* Helpers */ = {
			isa = PBXGroup;
			children = (
				EDA91B202D1AF55000A00F86 /* HideKeyboardExtension.swift */,
				ED121A9E2D0D91EA001EE8C5 /* CustomTextField.swift */,
				ED121AA02D0D9C68001EE8C5 /* NotificationNames.swift */,
				EDB0ECC42D21B633006075B5 /* Constants.swift */,
				EDB0F04C2D452CF8006075B5 /* Binding.swift */,
			);
			path = Helpers;
			sourceTree = "<group>";
		};
		ED78906F2CAC722B00721730 = {
			isa = PBXGroup;
			children = (
				ED7890B52CAC727600721730 /* Tracker */,
				EDA91B6E2D1C5FDC00A00F86 /* DelegateProtocols */,
				ED121A962D0D91B5001EE8C5 /* Data */,
				EDFE367D2CB3E54C00C672E1 /* Resources */,
				ED7890792CAC722B00721730 /* Products */,
			);
			sourceTree = "<group>";
		};
		ED7890792CAC722B00721730 /* Products */ = {
			isa = PBXGroup;
			children = (
				ED7890782CAC722B00721730 /* Tracker.app */,
				ED78908E2CAC722D00721730 /* TrackerTests.xctest */,
				ED7890982CAC722D00721730 /* TrackerUITests.xctest */,
			);
			name = Products;
			sourceTree = "<group>";
		};
		ED7890B52CAC727600721730 /* Tracker */ = {
			isa = PBXGroup;
			children = (
				ED7890AE2CAC727600721730 /* Info.plist */,
				ED7890AC2CAC727600721730 /* AppDelegate.swift */,
				ED7890B32CAC727600721730 /* SceneDelegate.swift */,
				ED7890B02CAC727600721730 /* LaunchScreen.storyboard */,
				EDB0EFBF2D41567B006075B5 /* Onboarding */,
				ED7890BD2CAEF50C00721730 /* TabBarController.swift */,
				EDE6A9452CC6B4FE0038CBBA /* Stats */,
				EDFE37102CC6B44900C672E1 /* TrackersMainView */,
				EDE6A9582CD16EA60038CBBA /* TrackerNavigation */,
			);
			path = Tracker;
			sourceTree = "<group>";
		};
		EDA91B6E2D1C5FDC00A00F86 /* DelegateProtocols */ = {
			isa = PBXGroup;
			children = (
				EDA91B6F2D1C615700A00F86 /* DateSenderProtocol.swift */,
				EDA91B712D1C62EE00A00F86 /* CategorySenderProtocol.swift */,
				EDA91B732D1C770F00A00F86 /* TrackerSender.swift */,
			);
			path = DelegateProtocols;
			sourceTree = "<group>";
		};
		EDB0ED102D240EF7006075B5 /* Color + Emoji Cell Views */ = {
			isa = PBXGroup;
			children = (
				EDB0ED132D240F36006075B5 /* EmojiCellView.swift */,
				EDB0ED112D240F12006075B5 /* ColorCellView.swift */,
				EDB0ED5F2D289089006075B5 /* HeaderForColorEmojiCollections.swift */,
			);
			path = "Color + Emoji Cell Views";
			sourceTree = "<group>";
		};
		EDB0ED8B2D2ED0BA006075B5 /* CoreDataStore */ = {
			isa = PBXGroup;
			children = (
				EDB0ED8C2D2ED0D0006075B5 /* TrackerStore.swift */,
				EDB0ED8E2D2ED0E8006075B5 /* TrackerCategoryStore.swift */,
				EDB0ED902D2ED0FF006075B5 /* TrackerRecordStore.swift */,
			);
			path = CoreDataStore;
			sourceTree = "<group>";
		};
		EDB0EFBF2D41567B006075B5 /* Onboarding */ = {
			isa = PBXGroup;
			children = (
				EDB0EFC02D4156D7006075B5 /* OnboardingViewController.swift */,
				EDB0EFC22D4158E8006075B5 /* OnboardingPageViewController.swift */,
			);
			path = Onboarding;
			sourceTree = "<group>";
		};
		EDE6A9432CC6B4D90038CBBA /* Schedule */ = {
			isa = PBXGroup;
			children = (
				EDFE370C2CC6783400C672E1 /* ScheduleViewController.swift */,
			);
			path = Schedule;
			sourceTree = "<group>";
		};
		EDE6A9442CC6B4EF0038CBBA /* CategoryViewControllers */ = {
			isa = PBXGroup;
			children = (
				EDFE370E2CC6AF0B00C672E1 /* CategoryMainViewController.swift */,
				EDB0F04A2D42B572006075B5 /* CategoryMainViewModel.swift */,
				EDE6A9462CC6B5F90038CBBA /* CategoryCreaterViewController.swift */,
			);
			path = CategoryViewControllers;
			sourceTree = "<group>";
		};
		EDE6A9452CC6B4FE0038CBBA /* Stats */ = {
			isa = PBXGroup;
			children = (
				ED7890C92CB29F5E00721730 /* StatsViewController.swift */,
			);
			path = Stats;
			sourceTree = "<group>";
		};
		EDE6A94F2CCFD2A20038CBBA /* UnregularEventViewControllers */ = {
			isa = PBXGroup;
			children = (
				EDE6A9502CCFD3800038CBBA /* UnregularEventCreaterViewController.swift */,
			);
			path = UnregularEventViewControllers;
			sourceTree = "<group>";
		};
		EDE6A9582CD16EA60038CBBA /* TrackerNavigation */ = {
			isa = PBXGroup;
			children = (
				EDFE37112CC6B47500C672E1 /* TrackerChoise */,
			);
			path = TrackerNavigation;
			sourceTree = "<group>";
		};
		EDFE367D2CB3E54C00C672E1 /* Resources */ = {
			isa = PBXGroup;
			children = (
				ED7890AD2CAC727600721730 /* Assets.xcassets */,
			);
			path = Resources;
			sourceTree = "<group>";
		};
		EDFE37102CC6B44900C672E1 /* TrackersMainView */ = {
			isa = PBXGroup;
			children = (
				ED7890CB2CB29F6A00721730 /* TrackersViewController.swift */,
				ED67B1F82CDD333400347C20 /* TrackerCellView.swift */,
				ED67B1FA2CDE904700347C20 /* TrackerCellHeaderView.swift */,
			);
			path = TrackersMainView;
			sourceTree = "<group>";
		};
		EDFE37112CC6B47500C672E1 /* TrackerChoise */ = {
			isa = PBXGroup;
			children = (
				EDFE37062CC031A800C672E1 /* TrackerChoiceViewController.swift */,
				EDFE37122CC6B48600C672E1 /* HabitsViewControllers */,
				EDE6A94F2CCFD2A20038CBBA /* UnregularEventViewControllers */,
				EDB0ED102D240EF7006075B5 /* Color + Emoji Cell Views */,
				EDE6A9442CC6B4EF0038CBBA /* CategoryViewControllers */,
			);
			path = TrackerChoise;
			sourceTree = "<group>";
		};
		EDFE37122CC6B48600C672E1 /* HabitsViewControllers */ = {
			isa = PBXGroup;
			children = (
				EDFE370A2CC2D71F00C672E1 /* HabitCreaterViewController.swift */,
				EDE6A9432CC6B4D90038CBBA /* Schedule */,
			);
			path = HabitsViewControllers;
			sourceTree = "<group>";
		};
/* End PBXGroup section */

/* Begin PBXNativeTarget section */
		ED7890772CAC722B00721730 /* Tracker */ = {
			isa = PBXNativeTarget;
			buildConfigurationList = ED7890A12CAC722D00721730 /* Build configuration list for PBXNativeTarget "Tracker" */;
			buildPhases = (
				ED7890742CAC722B00721730 /* Sources */,
				ED7890752CAC722B00721730 /* Frameworks */,
				ED7890762CAC722B00721730 /* Resources */,
			);
			buildRules = (
			);
			dependencies = (
			);
			name = Tracker;
			packageProductDependencies = (
			);
			productName = Tracker;
			productReference = ED7890782CAC722B00721730 /* Tracker.app */;
			productType = "com.apple.product-type.application";
		};
		ED78908D2CAC722D00721730 /* TrackerTests */ = {
			isa = PBXNativeTarget;
			buildConfigurationList = ED7890A62CAC722D00721730 /* Build configuration list for PBXNativeTarget "TrackerTests" */;
			buildPhases = (
				ED78908A2CAC722D00721730 /* Sources */,
				ED78908B2CAC722D00721730 /* Frameworks */,
				ED78908C2CAC722D00721730 /* Resources */,
			);
			buildRules = (
			);
			dependencies = (
				ED7890902CAC722D00721730 /* PBXTargetDependency */,
			);
			name = TrackerTests;
			packageProductDependencies = (
			);
			productName = TrackerTests;
			productReference = ED78908E2CAC722D00721730 /* TrackerTests.xctest */;
			productType = "com.apple.product-type.bundle.unit-test";
		};
		ED7890972CAC722D00721730 /* TrackerUITests */ = {
			isa = PBXNativeTarget;
			buildConfigurationList = ED7890A92CAC722D00721730 /* Build configuration list for PBXNativeTarget "TrackerUITests" */;
			buildPhases = (
				ED7890942CAC722D00721730 /* Sources */,
				ED7890952CAC722D00721730 /* Frameworks */,
				ED7890962CAC722D00721730 /* Resources */,
			);
			buildRules = (
			);
			dependencies = (
				ED78909A2CAC722D00721730 /* PBXTargetDependency */,
			);
			name = TrackerUITests;
			packageProductDependencies = (
			);
			productName = TrackerUITests;
			productReference = ED7890982CAC722D00721730 /* TrackerUITests.xctest */;
			productType = "com.apple.product-type.bundle.ui-testing";
		};
/* End PBXNativeTarget section */

/* Begin PBXProject section */
		ED7890702CAC722B00721730 /* Project object */ = {
			isa = PBXProject;
			attributes = {
				BuildIndependentTargetsInParallel = 1;
				LastSwiftUpdateCheck = 1600;
				LastUpgradeCheck = 1600;
				TargetAttributes = {
					ED7890772CAC722B00721730 = {
						CreatedOnToolsVersion = 16.0;
					};
					ED78908D2CAC722D00721730 = {
						CreatedOnToolsVersion = 16.0;
						TestTargetID = ED7890772CAC722B00721730;
					};
					ED7890972CAC722D00721730 = {
						CreatedOnToolsVersion = 16.0;
						TestTargetID = ED7890772CAC722B00721730;
					};
				};
			};
			buildConfigurationList = ED7890732CAC722B00721730 /* Build configuration list for PBXProject "Tracker" */;
			developmentRegion = en;
			hasScannedForEncodings = 0;
			knownRegions = (
				en,
				Base,
			);
			mainGroup = ED78906F2CAC722B00721730;
			minimizedProjectReferenceProxies = 1;
			preferredProjectObjectVersion = 77;
			productRefGroup = ED7890792CAC722B00721730 /* Products */;
			projectDirPath = "";
			projectRoot = "";
			targets = (
				ED7890772CAC722B00721730 /* Tracker */,
				ED78908D2CAC722D00721730 /* TrackerTests */,
				ED7890972CAC722D00721730 /* TrackerUITests */,
			);
		};
/* End PBXProject section */

/* Begin PBXResourcesBuildPhase section */
		ED7890762CAC722B00721730 /* Resources */ = {
			isa = PBXResourcesBuildPhase;
			buildActionMask = 2147483647;
			files = (
				ED7890B62CAC727600721730 /* Assets.xcassets in Resources */,
				ED7890B82CAC727600721730 /* LaunchScreen.storyboard in Resources */,
			);
			runOnlyForDeploymentPostprocessing = 0;
		};
		ED78908C2CAC722D00721730 /* Resources */ = {
			isa = PBXResourcesBuildPhase;
			buildActionMask = 2147483647;
			files = (
			);
			runOnlyForDeploymentPostprocessing = 0;
		};
		ED7890962CAC722D00721730 /* Resources */ = {
			isa = PBXResourcesBuildPhase;
			buildActionMask = 2147483647;
			files = (
			);
			runOnlyForDeploymentPostprocessing = 0;
		};
/* End PBXResourcesBuildPhase section */

/* Begin PBXSourcesBuildPhase section */
		ED7890742CAC722B00721730 /* Sources */ = {
			isa = PBXSourcesBuildPhase;
			buildActionMask = 2147483647;
			files = (
				EDA91B722D1C62EE00A00F86 /* CategorySenderProtocol.swift in Sources */,
				ED7890BA2CAC727600721730 /* AppDelegate.swift in Sources */,
				ED67B1F92CDD333400347C20 /* TrackerCellView.swift in Sources */,
				EDFE37072CC031A800C672E1 /* TrackerChoiceViewController.swift in Sources */,
				EDB0ED8D2D2ED0D0006075B5 /* TrackerStore.swift in Sources */,
				ED7890BE2CAEF50C00721730 /* TabBarController.swift in Sources */,
				EDB0EFC72D4176C9006075B5 /* RootViewControllerStatus.swift in Sources */,
				EDFE370F2CC6AF0B00C672E1 /* CategoryMainViewController.swift in Sources */,
				ED121A9F2D0D91EA001EE8C5 /* CustomTextField.swift in Sources */,
				ED7890CC2CB29F6A00721730 /* TrackersViewController.swift in Sources */,
				EDFE370B2CC2D71F00C672E1 /* HabitCreaterViewController.swift in Sources */,
				ED7890BB2CAC727600721730 /* SceneDelegate.swift in Sources */,
				ED7890CA2CB29F5E00721730 /* StatsViewController.swift in Sources */,
				EDB0EFC32D4158E8006075B5 /* OnboardingPageViewController.swift in Sources */,
				EDB0ED142D240F36006075B5 /* EmojiCellView.swift in Sources */,
				EDE6A9512CCFD3800038CBBA /* UnregularEventCreaterViewController.swift in Sources */,
				EDE6A9472CC6B5FA0038CBBA /* CategoryCreaterViewController.swift in Sources */,
				EDA91B212D1AF55100A00F86 /* HideKeyboardExtension.swift in Sources */,
				EDFE370D2CC6783400C672E1 /* ScheduleViewController.swift in Sources */,
				EDB0ED602D289089006075B5 /* HeaderForColorEmojiCollections.swift in Sources */,
				ED121A992D0D91B5001EE8C5 /* TrackerCategory.swift in Sources */,
				EDA91B742D1C770F00A00F86 /* TrackerSender.swift in Sources */,
				EDB0ED912D2ED0FF006075B5 /* TrackerRecordStore.swift in Sources */,
				EDB0ED962D31C2A3006075B5 /* TrackerData.xcdatamodeld in Sources */,
				EDB0F04D2D452CF8006075B5 /* Binding.swift in Sources */,
				ED121A9A2D0D91B5001EE8C5 /* TrackerRecord.swift in Sources */,
				EDB0F04B2D42B572006075B5 /* CategoryMainViewModel.swift in Sources */,
				EDB0EFC12D4156D7006075B5 /* OnboardingViewController.swift in Sources */,
				EDA91B702D1C615700A00F86 /* DateSenderProtocol.swift in Sources */,
				EDB0ED122D240F12006075B5 /* ColorCellView.swift in Sources */,
				ED121AA12D0D9C68001EE8C5 /* NotificationNames.swift in Sources */,
				EDB0ED8F2D2ED0E8006075B5 /* TrackerCategoryStore.swift in Sources */,
				ED121A9B2D0D91B5001EE8C5 /* Tracker.swift in Sources */,
				ED67B1FB2CDE904700347C20 /* TrackerCellHeaderView.swift in Sources */,
				EDB0ECC52D21B633006075B5 /* Constants.swift in Sources */,
			);
			runOnlyForDeploymentPostprocessing = 0;
		};
		ED78908A2CAC722D00721730 /* Sources */ = {
			isa = PBXSourcesBuildPhase;
			buildActionMask = 2147483647;
			files = (
			);
			runOnlyForDeploymentPostprocessing = 0;
		};
		ED7890942CAC722D00721730 /* Sources */ = {
			isa = PBXSourcesBuildPhase;
			buildActionMask = 2147483647;
			files = (
			);
			runOnlyForDeploymentPostprocessing = 0;
		};
/* End PBXSourcesBuildPhase section */

/* Begin PBXTargetDependency section */
		ED7890902CAC722D00721730 /* PBXTargetDependency */ = {
			isa = PBXTargetDependency;
			target = ED7890772CAC722B00721730 /* Tracker */;
			targetProxy = ED78908F2CAC722D00721730 /* PBXContainerItemProxy */;
		};
		ED78909A2CAC722D00721730 /* PBXTargetDependency */ = {
			isa = PBXTargetDependency;
			target = ED7890772CAC722B00721730 /* Tracker */;
			targetProxy = ED7890992CAC722D00721730 /* PBXContainerItemProxy */;
		};
/* End PBXTargetDependency section */

/* Begin PBXVariantGroup section */
		ED7890B02CAC727600721730 /* LaunchScreen.storyboard */ = {
			isa = PBXVariantGroup;
			children = (
				ED7890AF2CAC727600721730 /* Base */,
			);
			name = LaunchScreen.storyboard;
			sourceTree = "<group>";
		};
/* End PBXVariantGroup section */

/* Begin XCBuildConfiguration section */
		ED7890A22CAC722D00721730 /* Debug */ = {
			isa = XCBuildConfiguration;
			buildSettings = {
				ASSETCATALOG_COMPILER_APPICON_NAME = AppIcon;
				ASSETCATALOG_COMPILER_GLOBAL_ACCENT_COLOR_NAME = AccentColor;
				CODE_SIGN_STYLE = Automatic;
				CURRENT_PROJECT_VERSION = 1;
				DEVELOPMENT_TEAM = CTS98382Z5;
				GENERATE_INFOPLIST_FILE = YES;
				INFOPLIST_FILE = Tracker/Info.plist;
				INFOPLIST_KEY_LSApplicationCategoryType = "public.app-category.productivity";
				INFOPLIST_KEY_UIApplicationSupportsIndirectInputEvents = YES;
				INFOPLIST_KEY_UILaunchStoryboardName = LaunchScreen;
				INFOPLIST_KEY_UIStatusBarStyle = "";
				INFOPLIST_KEY_UISupportedInterfaceOrientations = UIInterfaceOrientationPortrait;
				INFOPLIST_KEY_UISupportedInterfaceOrientations_iPad = "UIInterfaceOrientationLandscapeLeft UIInterfaceOrientationLandscapeRight UIInterfaceOrientationPortrait UIInterfaceOrientationPortraitUpsideDown";
				IPHONEOS_DEPLOYMENT_TARGET = 13.4;
				LD_RUNPATH_SEARCH_PATHS = (
					"$(inherited)",
					"@executable_path/Frameworks",
				);
				MARKETING_VERSION = 1.0;
				PRODUCT_BUNDLE_IDENTIFIER = com.praktikum.tracker.Tracker;
				PRODUCT_NAME = "$(TARGET_NAME)";
				SUPPORTED_PLATFORMS = "iphoneos iphonesimulator";
				SUPPORTS_MACCATALYST = NO;
				SUPPORTS_MAC_DESIGNED_FOR_IPHONE_IPAD = NO;
				SUPPORTS_XR_DESIGNED_FOR_IPHONE_IPAD = NO;
				SWIFT_EMIT_LOC_STRINGS = YES;
				SWIFT_VERSION = 5.0;
				TARGETED_DEVICE_FAMILY = 1;
			};
			name = Debug;
		};
		ED7890A32CAC722D00721730 /* Release */ = {
			isa = XCBuildConfiguration;
			buildSettings = {
				ASSETCATALOG_COMPILER_APPICON_NAME = AppIcon;
				ASSETCATALOG_COMPILER_GLOBAL_ACCENT_COLOR_NAME = AccentColor;
				CODE_SIGN_STYLE = Automatic;
				CURRENT_PROJECT_VERSION = 1;
				DEVELOPMENT_TEAM = CTS98382Z5;
				GENERATE_INFOPLIST_FILE = YES;
				INFOPLIST_FILE = Tracker/Info.plist;
				INFOPLIST_KEY_LSApplicationCategoryType = "public.app-category.productivity";
				INFOPLIST_KEY_UIApplicationSupportsIndirectInputEvents = YES;
				INFOPLIST_KEY_UILaunchStoryboardName = LaunchScreen;
				INFOPLIST_KEY_UIStatusBarStyle = "";
				INFOPLIST_KEY_UISupportedInterfaceOrientations = UIInterfaceOrientationPortrait;
				INFOPLIST_KEY_UISupportedInterfaceOrientations_iPad = "UIInterfaceOrientationLandscapeLeft UIInterfaceOrientationLandscapeRight UIInterfaceOrientationPortrait UIInterfaceOrientationPortraitUpsideDown";
				IPHONEOS_DEPLOYMENT_TARGET = 13.4;
				LD_RUNPATH_SEARCH_PATHS = (
					"$(inherited)",
					"@executable_path/Frameworks",
				);
				MARKETING_VERSION = 1.0;
				PRODUCT_BUNDLE_IDENTIFIER = com.praktikum.tracker.Tracker;
				PRODUCT_NAME = "$(TARGET_NAME)";
				SUPPORTED_PLATFORMS = "iphoneos iphonesimulator";
				SUPPORTS_MACCATALYST = NO;
				SUPPORTS_MAC_DESIGNED_FOR_IPHONE_IPAD = NO;
				SUPPORTS_XR_DESIGNED_FOR_IPHONE_IPAD = NO;
				SWIFT_EMIT_LOC_STRINGS = YES;
				SWIFT_VERSION = 5.0;
				TARGETED_DEVICE_FAMILY = 1;
			};
			name = Release;
		};
		ED7890A42CAC722D00721730 /* Debug */ = {
			isa = XCBuildConfiguration;
			buildSettings = {
				ALWAYS_SEARCH_USER_PATHS = NO;
				ASSETCATALOG_COMPILER_GENERATE_SWIFT_ASSET_SYMBOL_EXTENSIONS = YES;
				CLANG_ANALYZER_NONNULL = YES;
				CLANG_ANALYZER_NUMBER_OBJECT_CONVERSION = YES_AGGRESSIVE;
				CLANG_CXX_LANGUAGE_STANDARD = "gnu++20";
				CLANG_ENABLE_MODULES = YES;
				CLANG_ENABLE_OBJC_ARC = YES;
				CLANG_ENABLE_OBJC_WEAK = YES;
				CLANG_WARN_BLOCK_CAPTURE_AUTORELEASING = YES;
				CLANG_WARN_BOOL_CONVERSION = YES;
				CLANG_WARN_COMMA = YES;
				CLANG_WARN_CONSTANT_CONVERSION = YES;
				CLANG_WARN_DEPRECATED_OBJC_IMPLEMENTATIONS = YES;
				CLANG_WARN_DIRECT_OBJC_ISA_USAGE = YES_ERROR;
				CLANG_WARN_DOCUMENTATION_COMMENTS = YES;
				CLANG_WARN_EMPTY_BODY = YES;
				CLANG_WARN_ENUM_CONVERSION = YES;
				CLANG_WARN_INFINITE_RECURSION = YES;
				CLANG_WARN_INT_CONVERSION = YES;
				CLANG_WARN_NON_LITERAL_NULL_CONVERSION = YES;
				CLANG_WARN_OBJC_IMPLICIT_RETAIN_SELF = YES;
				CLANG_WARN_OBJC_LITERAL_CONVERSION = YES;
				CLANG_WARN_OBJC_ROOT_CLASS = YES_ERROR;
				CLANG_WARN_QUOTED_INCLUDE_IN_FRAMEWORK_HEADER = YES;
				CLANG_WARN_RANGE_LOOP_ANALYSIS = YES;
				CLANG_WARN_STRICT_PROTOTYPES = YES;
				CLANG_WARN_SUSPICIOUS_MOVE = YES;
				CLANG_WARN_UNGUARDED_AVAILABILITY = YES_AGGRESSIVE;
				CLANG_WARN_UNREACHABLE_CODE = YES;
				CLANG_WARN__DUPLICATE_METHOD_MATCH = YES;
				COPY_PHASE_STRIP = NO;
				DEBUG_INFORMATION_FORMAT = dwarf;
				ENABLE_STRICT_OBJC_MSGSEND = YES;
				ENABLE_TESTABILITY = YES;
				ENABLE_USER_SCRIPT_SANDBOXING = YES;
				GCC_C_LANGUAGE_STANDARD = gnu17;
				GCC_DYNAMIC_NO_PIC = NO;
				GCC_NO_COMMON_BLOCKS = YES;
				GCC_OPTIMIZATION_LEVEL = 0;
				GCC_PREPROCESSOR_DEFINITIONS = (
					"DEBUG=1",
					"$(inherited)",
				);
				GCC_WARN_64_TO_32_BIT_CONVERSION = YES;
				GCC_WARN_ABOUT_RETURN_TYPE = YES_ERROR;
				GCC_WARN_UNDECLARED_SELECTOR = YES;
				GCC_WARN_UNINITIALIZED_AUTOS = YES_AGGRESSIVE;
				GCC_WARN_UNUSED_FUNCTION = YES;
				GCC_WARN_UNUSED_VARIABLE = YES;
				IPHONEOS_DEPLOYMENT_TARGET = 18.0;
				LOCALIZATION_PREFERS_STRING_CATALOGS = YES;
				MTL_ENABLE_DEBUG_INFO = INCLUDE_SOURCE;
				MTL_FAST_MATH = YES;
				ONLY_ACTIVE_ARCH = YES;
				SDKROOT = iphoneos;
				SWIFT_ACTIVE_COMPILATION_CONDITIONS = "DEBUG $(inherited)";
				SWIFT_OPTIMIZATION_LEVEL = "-Onone";
			};
			name = Debug;
		};
		ED7890A52CAC722D00721730 /* Release */ = {
			isa = XCBuildConfiguration;
			buildSettings = {
				ALWAYS_SEARCH_USER_PATHS = NO;
				ASSETCATALOG_COMPILER_GENERATE_SWIFT_ASSET_SYMBOL_EXTENSIONS = YES;
				CLANG_ANALYZER_NONNULL = YES;
				CLANG_ANALYZER_NUMBER_OBJECT_CONVERSION = YES_AGGRESSIVE;
				CLANG_CXX_LANGUAGE_STANDARD = "gnu++20";
				CLANG_ENABLE_MODULES = YES;
				CLANG_ENABLE_OBJC_ARC = YES;
				CLANG_ENABLE_OBJC_WEAK = YES;
				CLANG_WARN_BLOCK_CAPTURE_AUTORELEASING = YES;
				CLANG_WARN_BOOL_CONVERSION = YES;
				CLANG_WARN_COMMA = YES;
				CLANG_WARN_CONSTANT_CONVERSION = YES;
				CLANG_WARN_DEPRECATED_OBJC_IMPLEMENTATIONS = YES;
				CLANG_WARN_DIRECT_OBJC_ISA_USAGE = YES_ERROR;
				CLANG_WARN_DOCUMENTATION_COMMENTS = YES;
				CLANG_WARN_EMPTY_BODY = YES;
				CLANG_WARN_ENUM_CONVERSION = YES;
				CLANG_WARN_INFINITE_RECURSION = YES;
				CLANG_WARN_INT_CONVERSION = YES;
				CLANG_WARN_NON_LITERAL_NULL_CONVERSION = YES;
				CLANG_WARN_OBJC_IMPLICIT_RETAIN_SELF = YES;
				CLANG_WARN_OBJC_LITERAL_CONVERSION = YES;
				CLANG_WARN_OBJC_ROOT_CLASS = YES_ERROR;
				CLANG_WARN_QUOTED_INCLUDE_IN_FRAMEWORK_HEADER = YES;
				CLANG_WARN_RANGE_LOOP_ANALYSIS = YES;
				CLANG_WARN_STRICT_PROTOTYPES = YES;
				CLANG_WARN_SUSPICIOUS_MOVE = YES;
				CLANG_WARN_UNGUARDED_AVAILABILITY = YES_AGGRESSIVE;
				CLANG_WARN_UNREACHABLE_CODE = YES;
				CLANG_WARN__DUPLICATE_METHOD_MATCH = YES;
				COPY_PHASE_STRIP = NO;
				DEBUG_INFORMATION_FORMAT = "dwarf-with-dsym";
				ENABLE_NS_ASSERTIONS = NO;
				ENABLE_STRICT_OBJC_MSGSEND = YES;
				ENABLE_USER_SCRIPT_SANDBOXING = YES;
				GCC_C_LANGUAGE_STANDARD = gnu17;
				GCC_NO_COMMON_BLOCKS = YES;
				GCC_WARN_64_TO_32_BIT_CONVERSION = YES;
				GCC_WARN_ABOUT_RETURN_TYPE = YES_ERROR;
				GCC_WARN_UNDECLARED_SELECTOR = YES;
				GCC_WARN_UNINITIALIZED_AUTOS = YES_AGGRESSIVE;
				GCC_WARN_UNUSED_FUNCTION = YES;
				GCC_WARN_UNUSED_VARIABLE = YES;
				IPHONEOS_DEPLOYMENT_TARGET = 18.0;
				LOCALIZATION_PREFERS_STRING_CATALOGS = YES;
				MTL_ENABLE_DEBUG_INFO = NO;
				MTL_FAST_MATH = YES;
				SDKROOT = iphoneos;
				SWIFT_COMPILATION_MODE = wholemodule;
				VALIDATE_PRODUCT = YES;
			};
			name = Release;
		};
		ED7890A72CAC722D00721730 /* Debug */ = {
			isa = XCBuildConfiguration;
			buildSettings = {
				BUNDLE_LOADER = "$(TEST_HOST)";
				CODE_SIGN_STYLE = Automatic;
				CURRENT_PROJECT_VERSION = 1;
				DEVELOPMENT_TEAM = CTS98382Z5;
				GENERATE_INFOPLIST_FILE = YES;
				IPHONEOS_DEPLOYMENT_TARGET = 18.0;
				MARKETING_VERSION = 1.0;
				PRODUCT_BUNDLE_IDENTIFIER = com.praktikum.tracker.TrackerTests;
				PRODUCT_NAME = "$(TARGET_NAME)";
				SWIFT_EMIT_LOC_STRINGS = NO;
				SWIFT_VERSION = 5.0;
				TARGETED_DEVICE_FAMILY = "1,2";
				TEST_HOST = "$(BUILT_PRODUCTS_DIR)/Tracker.app/$(BUNDLE_EXECUTABLE_FOLDER_PATH)/Tracker";
			};
			name = Debug;
		};
		ED7890A82CAC722D00721730 /* Release */ = {
			isa = XCBuildConfiguration;
			buildSettings = {
				BUNDLE_LOADER = "$(TEST_HOST)";
				CODE_SIGN_STYLE = Automatic;
				CURRENT_PROJECT_VERSION = 1;
				DEVELOPMENT_TEAM = CTS98382Z5;
				GENERATE_INFOPLIST_FILE = YES;
				IPHONEOS_DEPLOYMENT_TARGET = 18.0;
				MARKETING_VERSION = 1.0;
				PRODUCT_BUNDLE_IDENTIFIER = com.praktikum.tracker.TrackerTests;
				PRODUCT_NAME = "$(TARGET_NAME)";
				SWIFT_EMIT_LOC_STRINGS = NO;
				SWIFT_VERSION = 5.0;
				TARGETED_DEVICE_FAMILY = "1,2";
				TEST_HOST = "$(BUILT_PRODUCTS_DIR)/Tracker.app/$(BUNDLE_EXECUTABLE_FOLDER_PATH)/Tracker";
			};
			name = Release;
		};
		ED7890AA2CAC722D00721730 /* Debug */ = {
			isa = XCBuildConfiguration;
			buildSettings = {
				CODE_SIGN_STYLE = Automatic;
				CURRENT_PROJECT_VERSION = 1;
				DEVELOPMENT_TEAM = CTS98382Z5;
				GENERATE_INFOPLIST_FILE = YES;
				MARKETING_VERSION = 1.0;
				PRODUCT_BUNDLE_IDENTIFIER = com.praktikum.tracker.TrackerUITests;
				PRODUCT_NAME = "$(TARGET_NAME)";
				SWIFT_EMIT_LOC_STRINGS = NO;
				SWIFT_VERSION = 5.0;
				TARGETED_DEVICE_FAMILY = "1,2";
				TEST_TARGET_NAME = Tracker;
			};
			name = Debug;
		};
		ED7890AB2CAC722D00721730 /* Release */ = {
			isa = XCBuildConfiguration;
			buildSettings = {
				CODE_SIGN_STYLE = Automatic;
				CURRENT_PROJECT_VERSION = 1;
				DEVELOPMENT_TEAM = CTS98382Z5;
				GENERATE_INFOPLIST_FILE = YES;
				MARKETING_VERSION = 1.0;
				PRODUCT_BUNDLE_IDENTIFIER = com.praktikum.tracker.TrackerUITests;
				PRODUCT_NAME = "$(TARGET_NAME)";
				SWIFT_EMIT_LOC_STRINGS = NO;
				SWIFT_VERSION = 5.0;
				TARGETED_DEVICE_FAMILY = "1,2";
				TEST_TARGET_NAME = Tracker;
			};
			name = Release;
		};
/* End XCBuildConfiguration section */

/* Begin XCConfigurationList section */
		ED7890732CAC722B00721730 /* Build configuration list for PBXProject "Tracker" */ = {
			isa = XCConfigurationList;
			buildConfigurations = (
				ED7890A42CAC722D00721730 /* Debug */,
				ED7890A52CAC722D00721730 /* Release */,
			);
			defaultConfigurationIsVisible = 0;
			defaultConfigurationName = Release;
		};
		ED7890A12CAC722D00721730 /* Build configuration list for PBXNativeTarget "Tracker" */ = {
			isa = XCConfigurationList;
			buildConfigurations = (
				ED7890A22CAC722D00721730 /* Debug */,
				ED7890A32CAC722D00721730 /* Release */,
			);
			defaultConfigurationIsVisible = 0;
			defaultConfigurationName = Release;
		};
		ED7890A62CAC722D00721730 /* Build configuration list for PBXNativeTarget "TrackerTests" */ = {
			isa = XCConfigurationList;
			buildConfigurations = (
				ED7890A72CAC722D00721730 /* Debug */,
				ED7890A82CAC722D00721730 /* Release */,
			);
			defaultConfigurationIsVisible = 0;
			defaultConfigurationName = Release;
		};
		ED7890A92CAC722D00721730 /* Build configuration list for PBXNativeTarget "TrackerUITests" */ = {
			isa = XCConfigurationList;
			buildConfigurations = (
				ED7890AA2CAC722D00721730 /* Debug */,
				ED7890AB2CAC722D00721730 /* Release */,
			);
			defaultConfigurationIsVisible = 0;
			defaultConfigurationName = Release;
		};
/* End XCConfigurationList section */

/* Begin XCVersionGroup section */
		EDB0ED942D31C2A3006075B5 /* TrackerData.xcdatamodeld */ = {
			isa = XCVersionGroup;
			children = (
				EDB0ED952D31C2A3006075B5 /* TrackerData.xcdatamodel */,
			);
			currentVersion = EDB0ED952D31C2A3006075B5 /* TrackerData.xcdatamodel */;
			path = TrackerData.xcdatamodeld;
			sourceTree = "<group>";
			versionGroupType = wrapper.xcdatamodel;
		};
/* End XCVersionGroup section */
	};
	rootObject = ED7890702CAC722B00721730 /* Project object */;
}
