// !$*UTF8*$!
{
	archiveVersion = 1;
	classes = {
	};
	objectVersion = 77;
	objects = {

/* Begin PBXBuildFile section */
		35E668F1DD1FCCF335DAF8CA /* Pods_TrackerTests.framework in Frameworks */ = {isa = PBXBuildFile; fileRef = BFD4B702BE3F10AD415952BD /* Pods_TrackerTests.framework */; };
		ED121A992D0D91B5001EE8C5 /* TrackerCategory.swift in Sources */ = {isa = PBXBuildFile; fileRef = ED121A902D0D91B5001EE8C5 /* TrackerCategory.swift */; };
		ED121A9A2D0D91B5001EE8C5 /* TrackerRecord.swift in Sources */ = {isa = PBXBuildFile; fileRef = ED121A912D0D91B5001EE8C5 /* TrackerRecord.swift */; };
		ED121A9B2D0D91B5001EE8C5 /* Tracker.swift in Sources */ = {isa = PBXBuildFile; fileRef = ED121A8F2D0D91B5001EE8C5 /* Tracker.swift */; };
		ED121A9F2D0D91EA001EE8C5 /* CustomTextField.swift in Sources */ = {isa = PBXBuildFile; fileRef = ED121A9E2D0D91EA001EE8C5 /* CustomTextField.swift */; };
		ED121AA12D0D9C68001EE8C5 /* NotificationNames.swift in Sources */ = {isa = PBXBuildFile; fileRef = ED121AA02D0D9C68001EE8C5 /* NotificationNames.swift */; };
		ED67B1F92CDD333400347C20 /* TrackerCellView.swift in Sources */ = {isa = PBXBuildFile; fileRef = ED67B1F82CDD333400347C20 /* TrackerCellView.swift */; };
		ED67B1FB2CDE904700347C20 /* TrackerCellHeaderView.swift in Sources */ = {isa = PBXBuildFile; fileRef = ED67B1FA2CDE904700347C20 /* TrackerCellHeaderView.swift */; };
		ED7890B62CAC727600721730 /* Assets.xcassets in Resources */ = {isa = PBXBuildFile; fileRef = ED7890AD2CAC727600721730 /* Assets.xcassets */; };
		ED7890B82CAC727600721730 /* LaunchScreen.storyboard in Resources */ = {isa = PBXBuildFile; fileRef = ED7890B02CAC727600721730 /* LaunchScreen.storyboard */; };
		ED7890BA2CAC727600721730 /* AppDelegate.swift in Sources */ = {isa = PBXBuildFile; fileRef = ED7890AC2CAC727600721730 /* AppDelegate.swift */; };
		ED7890BB2CAC727600721730 /* SceneDelegate.swift in Sources */ = {isa = PBXBuildFile; fileRef = ED7890B32CAC727600721730 /* SceneDelegate.swift */; };
		ED7890BE2CAEF50C00721730 /* TabBarController.swift in Sources */ = {isa = PBXBuildFile; fileRef = ED7890BD2CAEF50C00721730 /* TabBarController.swift */; };
		ED7890CA2CB29F5E00721730 /* StatsViewController.swift in Sources */ = {isa = PBXBuildFile; fileRef = ED7890C92CB29F5E00721730 /* StatsViewController.swift */; };
		ED7890CC2CB29F6A00721730 /* TrackersViewController.swift in Sources */ = {isa = PBXBuildFile; fileRef = ED7890CB2CB29F6A00721730 /* TrackersViewController.swift */; };
		ED941E052D4FE23F0094B613 /* AnalyticsService.swift in Sources */ = {isa = PBXBuildFile; fileRef = ED941E042D4FE23F0094B613 /* AnalyticsService.swift */; };
		EDA91B212D1AF55100A00F86 /* HideKeyboardExtension.swift in Sources */ = {isa = PBXBuildFile; fileRef = EDA91B202D1AF55000A00F86 /* HideKeyboardExtension.swift */; };
		EDA91B702D1C615700A00F86 /* DateSenderProtocol.swift in Sources */ = {isa = PBXBuildFile; fileRef = EDA91B6F2D1C615700A00F86 /* DateSenderProtocol.swift */; };
		EDA91B722D1C62EE00A00F86 /* CategorySenderProtocol.swift in Sources */ = {isa = PBXBuildFile; fileRef = EDA91B712D1C62EE00A00F86 /* CategorySenderProtocol.swift */; };
		EDA91B742D1C770F00A00F86 /* TrackerSender.swift in Sources */ = {isa = PBXBuildFile; fileRef = EDA91B732D1C770F00A00F86 /* TrackerSender.swift */; };
		EDB0ECC52D21B633006075B5 /* Constants.swift in Sources */ = {isa = PBXBuildFile; fileRef = EDB0ECC42D21B633006075B5 /* Constants.swift */; };
		EDB0ED122D240F12006075B5 /* ColorCellView.swift in Sources */ = {isa = PBXBuildFile; fileRef = EDB0ED112D240F12006075B5 /* ColorCellView.swift */; };
		EDB0ED142D240F36006075B5 /* EmojiCellView.swift in Sources */ = {isa = PBXBuildFile; fileRef = EDB0ED132D240F36006075B5 /* EmojiCellView.swift */; };
		EDB0ED602D289089006075B5 /* HeaderForColorEmojiCollections.swift in Sources */ = {isa = PBXBuildFile; fileRef = EDB0ED5F2D289089006075B5 /* HeaderForColorEmojiCollections.swift */; };
		EDB0ED8D2D2ED0D0006075B5 /* TrackerStore.swift in Sources */ = {isa = PBXBuildFile; fileRef = EDB0ED8C2D2ED0D0006075B5 /* TrackerStore.swift */; };
		EDB0ED8F2D2ED0E8006075B5 /* TrackerCategoryStore.swift in Sources */ = {isa = PBXBuildFile; fileRef = EDB0ED8E2D2ED0E8006075B5 /* TrackerCategoryStore.swift */; };
		EDB0ED912D2ED0FF006075B5 /* TrackerRecordStore.swift in Sources */ = {isa = PBXBuildFile; fileRef = EDB0ED902D2ED0FF006075B5 /* TrackerRecordStore.swift */; };
		EDB0ED962D31C2A3006075B5 /* TrackerData.xcdatamodeld in Sources */ = {isa = PBXBuildFile; fileRef = EDB0ED942D31C2A3006075B5 /* TrackerData.xcdatamodeld */; };
		EDB0EFC12D4156D7006075B5 /* OnboardingViewController.swift in Sources */ = {isa = PBXBuildFile; fileRef = EDB0EFC02D4156D7006075B5 /* OnboardingViewController.swift */; };
		EDB0EFC32D4158E8006075B5 /* OnboardingPageViewController.swift in Sources */ = {isa = PBXBuildFile; fileRef = EDB0EFC22D4158E8006075B5 /* OnboardingPageViewController.swift */; };
		EDB0EFC72D4176C9006075B5 /* Storage.swift in Sources */ = {isa = PBXBuildFile; fileRef = EDB0EFC62D4176C9006075B5 /* Storage.swift */; };
		EDB0F04B2D42B572006075B5 /* CategoryMainViewModel.swift in Sources */ = {isa = PBXBuildFile; fileRef = EDB0F04A2D42B572006075B5 /* CategoryMainViewModel.swift */; };
		EDB0F04D2D452CF8006075B5 /* Binding.swift in Sources */ = {isa = PBXBuildFile; fileRef = EDB0F04C2D452CF8006075B5 /* Binding.swift */; };
		EDB3DA232D4EAE590077E70C /* Localizable.strings in Resources */ = {isa = PBXBuildFile; fileRef = EDB3DA222D4EAE590077E70C /* Localizable.strings */; };
		EDB3DA242D4EAE590077E70C /* Localizable.stringsdict in Resources */ = {isa = PBXBuildFile; fileRef = EDB3DA1F2D4EAE590077E70C /* Localizable.stringsdict */; };
		EDB3DA342D4EB6C10077E70C /* InlineSnapshotTesting in Frameworks */ = {isa = PBXBuildFile; productRef = EDB3DA332D4EB6C10077E70C /* InlineSnapshotTesting */; };
		EDB3DA362D4EB6C10077E70C /* SnapshotTesting in Frameworks */ = {isa = PBXBuildFile; productRef = EDB3DA352D4EB6C10077E70C /* SnapshotTesting */; };
		EDB3DA382D4EB6C10077E70C /* SnapshotTestingCustomDump in Frameworks */ = {isa = PBXBuildFile; productRef = EDB3DA372D4EB6C10077E70C /* SnapshotTestingCustomDump */; };
		EDE6A9472CC6B5FA0038CBBA /* CategoryCreaterViewController.swift in Sources */ = {isa = PBXBuildFile; fileRef = EDE6A9462CC6B5F90038CBBA /* CategoryCreaterViewController.swift */; };
		EDE6A9512CCFD3800038CBBA /* UnregularEventCreaterViewController.swift in Sources */ = {isa = PBXBuildFile; fileRef = EDE6A9502CCFD3800038CBBA /* UnregularEventCreaterViewController.swift */; };
		EDFE37072CC031A800C672E1 /* TrackerChoiceViewController.swift in Sources */ = {isa = PBXBuildFile; fileRef = EDFE37062CC031A800C672E1 /* TrackerChoiceViewController.swift */; };
		EDFE370B2CC2D71F00C672E1 /* HabitCreaterViewController.swift in Sources */ = {isa = PBXBuildFile; fileRef = EDFE370A2CC2D71F00C672E1 /* HabitCreaterViewController.swift */; };
		EDFE370D2CC6783400C672E1 /* ScheduleViewController.swift in Sources */ = {isa = PBXBuildFile; fileRef = EDFE370C2CC6783400C672E1 /* ScheduleViewController.swift */; };
		EDFE370F2CC6AF0B00C672E1 /* CategoryMainViewController.swift in Sources */ = {isa = PBXBuildFile; fileRef = EDFE370E2CC6AF0B00C672E1 /* CategoryMainViewController.swift */; };
		F3B8E3807DF0F95E6D335F2C /* Pods_Tracker.framework in Frameworks */ = {isa = PBXBuildFile; fileRef = 160DBFF4131F3A8D8E6419FF /* Pods_Tracker.framework */; };
/* End PBXBuildFile section */

/* Begin PBXContainerItemProxy section */
		EDB3DA2D2D4EB69F0077E70C /* PBXContainerItemProxy */ = {
			isa = PBXContainerItemProxy;
			containerPortal = ED7890702CAC722B00721730 /* Project object */;
			proxyType = 1;
			remoteGlobalIDString = ED7890772CAC722B00721730;
			remoteInfo = Tracker;
		};
/* End PBXContainerItemProxy section */

/* Begin PBXFileReference section */
		088F44C2005734ADF42E7015 /* Pods-TrackerTests.release.xcconfig */ = {isa = PBXFileReference; includeInIndex = 1; lastKnownFileType = text.xcconfig; name = "Pods-TrackerTests.release.xcconfig"; path = "Target Support Files/Pods-TrackerTests/Pods-TrackerTests.release.xcconfig"; sourceTree = "<group>"; };
		160DBFF4131F3A8D8E6419FF /* Pods_Tracker.framework */ = {isa = PBXFileReference; explicitFileType = wrapper.framework; includeInIndex = 0; path = Pods_Tracker.framework; sourceTree = BUILT_PRODUCTS_DIR; };
		1A71F202190A81F714B9EDBB /* Pods-Tracker.release.xcconfig */ = {isa = PBXFileReference; includeInIndex = 1; lastKnownFileType = text.xcconfig; name = "Pods-Tracker.release.xcconfig"; path = "Target Support Files/Pods-Tracker/Pods-Tracker.release.xcconfig"; sourceTree = "<group>"; };
		6CA13E64FFBC9183C22E8643 /* Pods-TrackerTests.debug.xcconfig */ = {isa = PBXFileReference; includeInIndex = 1; lastKnownFileType = text.xcconfig; name = "Pods-TrackerTests.debug.xcconfig"; path = "Target Support Files/Pods-TrackerTests/Pods-TrackerTests.debug.xcconfig"; sourceTree = "<group>"; };
		B1014739D0684760FBB28975 /* Pods-Tracker.debug.xcconfig */ = {isa = PBXFileReference; includeInIndex = 1; lastKnownFileType = text.xcconfig; name = "Pods-Tracker.debug.xcconfig"; path = "Target Support Files/Pods-Tracker/Pods-Tracker.debug.xcconfig"; sourceTree = "<group>"; };
		BFD4B702BE3F10AD415952BD /* Pods_TrackerTests.framework */ = {isa = PBXFileReference; explicitFileType = wrapper.framework; includeInIndex = 0; path = Pods_TrackerTests.framework; sourceTree = BUILT_PRODUCTS_DIR; };
		ED121A8F2D0D91B5001EE8C5 /* Tracker.swift */ = {isa = PBXFileReference; lastKnownFileType = sourcecode.swift; path = Tracker.swift; sourceTree = "<group>"; };
		ED121A902D0D91B5001EE8C5 /* TrackerCategory.swift */ = {isa = PBXFileReference; lastKnownFileType = sourcecode.swift; path = TrackerCategory.swift; sourceTree = "<group>"; };
		ED121A912D0D91B5001EE8C5 /* TrackerRecord.swift */ = {isa = PBXFileReference; lastKnownFileType = sourcecode.swift; path = TrackerRecord.swift; sourceTree = "<group>"; };
		ED121A9E2D0D91EA001EE8C5 /* CustomTextField.swift */ = {isa = PBXFileReference; lastKnownFileType = sourcecode.swift; path = CustomTextField.swift; sourceTree = "<group>"; };
		ED121AA02D0D9C68001EE8C5 /* NotificationNames.swift */ = {isa = PBXFileReference; lastKnownFileType = sourcecode.swift; path = NotificationNames.swift; sourceTree = "<group>"; };
		ED67B1F82CDD333400347C20 /* TrackerCellView.swift */ = {isa = PBXFileReference; lastKnownFileType = sourcecode.swift; path = TrackerCellView.swift; sourceTree = "<group>"; };
		ED67B1FA2CDE904700347C20 /* TrackerCellHeaderView.swift */ = {isa = PBXFileReference; lastKnownFileType = sourcecode.swift; path = TrackerCellHeaderView.swift; sourceTree = "<group>"; };
		ED7890AC2CAC727600721730 /* AppDelegate.swift */ = {isa = PBXFileReference; lastKnownFileType = sourcecode.swift; path = AppDelegate.swift; sourceTree = "<group>"; };
		ED7890AD2CAC727600721730 /* Assets.xcassets */ = {isa = PBXFileReference; lastKnownFileType = folder.assetcatalog; path = Assets.xcassets; sourceTree = "<group>"; };
		ED7890AE2CAC727600721730 /* Info.plist */ = {isa = PBXFileReference; lastKnownFileType = text.plist.xml; path = Info.plist; sourceTree = "<group>"; };
		ED7890AF2CAC727600721730 /* Base */ = {isa = PBXFileReference; lastKnownFileType = file.storyboard; name = Base; path = Base.lproj/LaunchScreen.storyboard; sourceTree = "<group>"; };
		ED7890B32CAC727600721730 /* SceneDelegate.swift */ = {isa = PBXFileReference; lastKnownFileType = sourcecode.swift; path = SceneDelegate.swift; sourceTree = "<group>"; };
		ED7890BD2CAEF50C00721730 /* TabBarController.swift */ = {isa = PBXFileReference; lastKnownFileType = sourcecode.swift; path = TabBarController.swift; sourceTree = "<group>"; };
		ED7890C92CB29F5E00721730 /* StatsViewController.swift */ = {isa = PBXFileReference; lastKnownFileType = sourcecode.swift; path = StatsViewController.swift; sourceTree = "<group>"; };
		ED7890CB2CB29F6A00721730 /* TrackersViewController.swift */ = {isa = PBXFileReference; lastKnownFileType = sourcecode.swift; path = TrackersViewController.swift; sourceTree = "<group>"; };
		ED941E002D4FDD3D0094B613 /* Tracker.app */ = {isa = PBXFileReference; explicitFileType = wrapper.application; includeInIndex = 0; path = Tracker.app; sourceTree = BUILT_PRODUCTS_DIR; };
		ED941E012D4FDD3D0094B613 /* TrackerTests.xctest */ = {isa = PBXFileReference; explicitFileType = wrapper.cfbundle; includeInIndex = 0; path = TrackerTests.xctest; sourceTree = BUILT_PRODUCTS_DIR; };
		ED941E042D4FE23F0094B613 /* AnalyticsService.swift */ = {isa = PBXFileReference; lastKnownFileType = sourcecode.swift; path = AnalyticsService.swift; sourceTree = "<group>"; };
		EDA91B202D1AF55000A00F86 /* HideKeyboardExtension.swift */ = {isa = PBXFileReference; lastKnownFileType = sourcecode.swift; path = HideKeyboardExtension.swift; sourceTree = "<group>"; };
		EDA91B6F2D1C615700A00F86 /* DateSenderProtocol.swift */ = {isa = PBXFileReference; lastKnownFileType = sourcecode.swift; path = DateSenderProtocol.swift; sourceTree = "<group>"; };
		EDA91B712D1C62EE00A00F86 /* CategorySenderProtocol.swift */ = {isa = PBXFileReference; lastKnownFileType = sourcecode.swift; path = CategorySenderProtocol.swift; sourceTree = "<group>"; };
		EDA91B732D1C770F00A00F86 /* TrackerSender.swift */ = {isa = PBXFileReference; lastKnownFileType = sourcecode.swift; path = TrackerSender.swift; sourceTree = "<group>"; };
		EDB0ECC42D21B633006075B5 /* Constants.swift */ = {isa = PBXFileReference; lastKnownFileType = sourcecode.swift; path = Constants.swift; sourceTree = "<group>"; };
		EDB0ED112D240F12006075B5 /* ColorCellView.swift */ = {isa = PBXFileReference; lastKnownFileType = sourcecode.swift; path = ColorCellView.swift; sourceTree = "<group>"; };
		EDB0ED132D240F36006075B5 /* EmojiCellView.swift */ = {isa = PBXFileReference; lastKnownFileType = sourcecode.swift; path = EmojiCellView.swift; sourceTree = "<group>"; };
		EDB0ED5F2D289089006075B5 /* HeaderForColorEmojiCollections.swift */ = {isa = PBXFileReference; lastKnownFileType = sourcecode.swift; path = HeaderForColorEmojiCollections.swift; sourceTree = "<group>"; };
		EDB0ED8C2D2ED0D0006075B5 /* TrackerStore.swift */ = {isa = PBXFileReference; lastKnownFileType = sourcecode.swift; path = TrackerStore.swift; sourceTree = "<group>"; };
		EDB0ED8E2D2ED0E8006075B5 /* TrackerCategoryStore.swift */ = {isa = PBXFileReference; lastKnownFileType = sourcecode.swift; path = TrackerCategoryStore.swift; sourceTree = "<group>"; };
		EDB0ED902D2ED0FF006075B5 /* TrackerRecordStore.swift */ = {isa = PBXFileReference; lastKnownFileType = sourcecode.swift; path = TrackerRecordStore.swift; sourceTree = "<group>"; };
		EDB0ED952D31C2A3006075B5 /* TrackerData.xcdatamodel */ = {isa = PBXFileReference; lastKnownFileType = wrapper.xcdatamodel; path = TrackerData.xcdatamodel; sourceTree = "<group>"; };
		EDB0EFC02D4156D7006075B5 /* OnboardingViewController.swift */ = {isa = PBXFileReference; lastKnownFileType = sourcecode.swift; path = OnboardingViewController.swift; sourceTree = "<group>"; };
		EDB0EFC22D4158E8006075B5 /* OnboardingPageViewController.swift */ = {isa = PBXFileReference; lastKnownFileType = sourcecode.swift; path = OnboardingPageViewController.swift; sourceTree = "<group>"; };
		EDB0EFC62D4176C9006075B5 /* Storage.swift */ = {isa = PBXFileReference; lastKnownFileType = sourcecode.swift; path = Storage.swift; sourceTree = "<group>"; };
		EDB0F04A2D42B572006075B5 /* CategoryMainViewModel.swift */ = {isa = PBXFileReference; lastKnownFileType = sourcecode.swift; path = CategoryMainViewModel.swift; sourceTree = "<group>"; };
		EDB0F04C2D452CF8006075B5 /* Binding.swift */ = {isa = PBXFileReference; lastKnownFileType = sourcecode.swift; path = Binding.swift; sourceTree = "<group>"; };
		EDB3DA1E2D4EAE590077E70C /* Localizable.stringsdict */ = {isa = PBXFileReference; lastKnownFileType = text.plist.stringsdict; name = Localizable.stringsdict; path = en.lproj/Localizable.stringsdict; sourceTree = "<group>"; };
		EDB3DA202D4EAE590077E70C /* Localizable.strings */ = {isa = PBXFileReference; lastKnownFileType = text.plist.strings; name = Localizable.strings; path = en.lproj/Localizable.strings; sourceTree = "<group>"; };
		EDB3DA212D4EAE590077E70C /* Localizable.strings */ = {isa = PBXFileReference; lastKnownFileType = text.plist.strings; name = Localizable.strings; path = ru.lproj/Localizable.strings; sourceTree = "<group>"; };
		EDE6A9462CC6B5F90038CBBA /* CategoryCreaterViewController.swift */ = {isa = PBXFileReference; lastKnownFileType = sourcecode.swift; path = CategoryCreaterViewController.swift; sourceTree = "<group>"; };
		EDE6A9502CCFD3800038CBBA /* UnregularEventCreaterViewController.swift */ = {isa = PBXFileReference; lastKnownFileType = sourcecode.swift; path = UnregularEventCreaterViewController.swift; sourceTree = "<group>"; };
		EDFE37062CC031A800C672E1 /* TrackerChoiceViewController.swift */ = {isa = PBXFileReference; lastKnownFileType = sourcecode.swift; path = TrackerChoiceViewController.swift; sourceTree = "<group>"; };
		EDFE370A2CC2D71F00C672E1 /* HabitCreaterViewController.swift */ = {isa = PBXFileReference; lastKnownFileType = sourcecode.swift; path = HabitCreaterViewController.swift; sourceTree = "<group>"; };
		EDFE370C2CC6783400C672E1 /* ScheduleViewController.swift */ = {isa = PBXFileReference; lastKnownFileType = sourcecode.swift; path = ScheduleViewController.swift; sourceTree = "<group>"; };
		EDFE370E2CC6AF0B00C672E1 /* CategoryMainViewController.swift */ = {isa = PBXFileReference; lastKnownFileType = sourcecode.swift; path = CategoryMainViewController.swift; sourceTree = "<group>"; };
/* End PBXFileReference section */

/* Begin PBXFileSystemSynchronizedRootGroup section */
		EDB3DA2A2D4EB69F0077E70C /* TrackerTests */ = {
			isa = PBXFileSystemSynchronizedRootGroup;
			path = TrackerTests;
			sourceTree = "<group>";
		};
/* End PBXFileSystemSynchronizedRootGroup section */

/* Begin PBXFrameworksBuildPhase section */
		ED7890752CAC722B00721730 /* Frameworks */ = {
			isa = PBXFrameworksBuildPhase;
			buildActionMask = 2147483647;
			files = (
				F3B8E3807DF0F95E6D335F2C /* Pods_Tracker.framework in Frameworks */,
			);
			runOnlyForDeploymentPostprocessing = 0;
		};
		EDB3DA262D4EB69F0077E70C /* Frameworks */ = {
			isa = PBXFrameworksBuildPhase;
			buildActionMask = 2147483647;
			files = (
				EDB3DA382D4EB6C10077E70C /* SnapshotTestingCustomDump in Frameworks */,
				EDB3DA342D4EB6C10077E70C /* InlineSnapshotTesting in Frameworks */,
				EDB3DA362D4EB6C10077E70C /* SnapshotTesting in Frameworks */,
				35E668F1DD1FCCF335DAF8CA /* Pods_TrackerTests.framework in Frameworks */,
			);
			runOnlyForDeploymentPostprocessing = 0;
		};
/* End PBXFrameworksBuildPhase section */

/* Begin PBXGroup section */
		9AB8C73DF03E0D20C283E006 /* Pods */ = {
			isa = PBXGroup;
			children = (
				B1014739D0684760FBB28975 /* Pods-Tracker.debug.xcconfig */,
				1A71F202190A81F714B9EDBB /* Pods-Tracker.release.xcconfig */,
				6CA13E64FFBC9183C22E8643 /* Pods-TrackerTests.debug.xcconfig */,
				088F44C2005734ADF42E7015 /* Pods-TrackerTests.release.xcconfig */,
			);
			path = Pods;
			sourceTree = "<group>";
		};
		C96CA200E18B4589A89E826A /* Frameworks */ = {
			isa = PBXGroup;
			children = (
				160DBFF4131F3A8D8E6419FF /* Pods_Tracker.framework */,
				BFD4B702BE3F10AD415952BD /* Pods_TrackerTests.framework */,
			);
			name = Frameworks;
			sourceTree = "<group>";
		};
		ED121A922D0D91B5001EE8C5 /* Models */ = {
			isa = PBXGroup;
			children = (
				ED121A8F2D0D91B5001EE8C5 /* Tracker.swift */,
				ED121A902D0D91B5001EE8C5 /* TrackerCategory.swift */,
				ED121A912D0D91B5001EE8C5 /* TrackerRecord.swift */,
			);
			path = Models;
			sourceTree = "<group>";
		};
		ED121A962D0D91B5001EE8C5 /* Data */ = {
			isa = PBXGroup;
			children = (
				EDB0ED942D31C2A3006075B5 /* TrackerData.xcdatamodeld */,
				EDB0EFC62D4176C9006075B5 /* Storage.swift */,
				ED121A922D0D91B5001EE8C5 /* Models */,
				EDB0ED8B2D2ED0BA006075B5 /* CoreDataStore */,
				ED121A972D0D91B5001EE8C5 /* Helpers */,
			);
			path = Data;
			sourceTree = "<group>";
		};
		ED121A972D0D91B5001EE8C5 /* Helpers */ = {
			isa = PBXGroup;
			children = (
				EDA91B202D1AF55000A00F86 /* HideKeyboardExtension.swift */,
				ED121A9E2D0D91EA001EE8C5 /* CustomTextField.swift */,
				ED121AA02D0D9C68001EE8C5 /* NotificationNames.swift */,
				EDB0ECC42D21B633006075B5 /* Constants.swift */,
				EDB0F04C2D452CF8006075B5 /* Binding.swift */,
				ED941E042D4FE23F0094B613 /* AnalyticsService.swift */,
			);
			path = Helpers;
			sourceTree = "<group>";
		};
		ED78906F2CAC722B00721730 = {
			isa = PBXGroup;
			children = (
				ED7890B52CAC727600721730 /* Tracker */,
				EDA91B6E2D1C5FDC00A00F86 /* DelegateProtocols */,
				ED121A962D0D91B5001EE8C5 /* Data */,
				EDFE367D2CB3E54C00C672E1 /* Resources */,
				EDB3DA2A2D4EB69F0077E70C /* TrackerTests */,
				9AB8C73DF03E0D20C283E006 /* Pods */,
				C96CA200E18B4589A89E826A /* Frameworks */,
				ED941E002D4FDD3D0094B613 /* Tracker.app */,
				ED941E012D4FDD3D0094B613 /* TrackerTests.xctest */,
			);
			sourceTree = "<group>";
		};
		ED7890B52CAC727600721730 /* Tracker */ = {
			isa = PBXGroup;
			children = (
				ED7890AE2CAC727600721730 /* Info.plist */,
				ED7890AC2CAC727600721730 /* AppDelegate.swift */,
				ED7890B32CAC727600721730 /* SceneDelegate.swift */,
				ED7890B02CAC727600721730 /* LaunchScreen.storyboard */,
				EDB0EFBF2D41567B006075B5 /* Onboarding */,
				ED7890BD2CAEF50C00721730 /* TabBarController.swift */,
				EDE6A9452CC6B4FE0038CBBA /* Stats */,
				EDFE37102CC6B44900C672E1 /* TrackersMainView */,
				EDE6A9582CD16EA60038CBBA /* TrackerNavigation */,
			);
			path = Tracker;
			sourceTree = "<group>";
		};
		EDA91B6E2D1C5FDC00A00F86 /* DelegateProtocols */ = {
			isa = PBXGroup;
			children = (
				EDA91B6F2D1C615700A00F86 /* DateSenderProtocol.swift */,
				EDA91B712D1C62EE00A00F86 /* CategorySenderProtocol.swift */,
				EDA91B732D1C770F00A00F86 /* TrackerSender.swift */,
			);
			path = DelegateProtocols;
			sourceTree = "<group>";
		};
		EDB0ED102D240EF7006075B5 /* Color + Emoji Cell Views */ = {
			isa = PBXGroup;
			children = (
				EDB0ED132D240F36006075B5 /* EmojiCellView.swift */,
				EDB0ED112D240F12006075B5 /* ColorCellView.swift */,
				EDB0ED5F2D289089006075B5 /* HeaderForColorEmojiCollections.swift */,
			);
			path = "Color + Emoji Cell Views";
			sourceTree = "<group>";
		};
		EDB0ED8B2D2ED0BA006075B5 /* CoreDataStore */ = {
			isa = PBXGroup;
			children = (
				EDB0ED8C2D2ED0D0006075B5 /* TrackerStore.swift */,
				EDB0ED8E2D2ED0E8006075B5 /* TrackerCategoryStore.swift */,
				EDB0ED902D2ED0FF006075B5 /* TrackerRecordStore.swift */,
			);
			path = CoreDataStore;
			sourceTree = "<group>";
		};
		EDB0EFBF2D41567B006075B5 /* Onboarding */ = {
			isa = PBXGroup;
			children = (
				EDB0EFC02D4156D7006075B5 /* OnboardingViewController.swift */,
				EDB0EFC22D4158E8006075B5 /* OnboardingPageViewController.swift */,
			);
			path = Onboarding;
			sourceTree = "<group>";
		};
		EDE6A9432CC6B4D90038CBBA /* Schedule */ = {
			isa = PBXGroup;
			children = (
				EDFE370C2CC6783400C672E1 /* ScheduleViewController.swift */,
			);
			path = Schedule;
			sourceTree = "<group>";
		};
		EDE6A9442CC6B4EF0038CBBA /* CategoryViewControllers */ = {
			isa = PBXGroup;
			children = (
				EDFE370E2CC6AF0B00C672E1 /* CategoryMainViewController.swift */,
				EDB0F04A2D42B572006075B5 /* CategoryMainViewModel.swift */,
				EDE6A9462CC6B5F90038CBBA /* CategoryCreaterViewController.swift */,
			);
			path = CategoryViewControllers;
			sourceTree = "<group>";
		};
		EDE6A9452CC6B4FE0038CBBA /* Stats */ = {
			isa = PBXGroup;
			children = (
				ED7890C92CB29F5E00721730 /* StatsViewController.swift */,
			);
			path = Stats;
			sourceTree = "<group>";
		};
		EDE6A94F2CCFD2A20038CBBA /* UnregularEventViewControllers */ = {
			isa = PBXGroup;
			children = (
				EDE6A9502CCFD3800038CBBA /* UnregularEventCreaterViewController.swift */,
			);
			path = UnregularEventViewControllers;
			sourceTree = "<group>";
		};
		EDE6A9582CD16EA60038CBBA /* TrackerNavigation */ = {
			isa = PBXGroup;
			children = (
				EDFE37112CC6B47500C672E1 /* TrackerChoise */,
			);
			path = TrackerNavigation;
			sourceTree = "<group>";
		};
		EDFE367D2CB3E54C00C672E1 /* Resources */ = {
			isa = PBXGroup;
			children = (
				ED7890AD2CAC727600721730 /* Assets.xcassets */,
				EDB3DA1F2D4EAE590077E70C /* Localizable.stringsdict */,
				EDB3DA222D4EAE590077E70C /* Localizable.strings */,
			);
			path = Resources;
			sourceTree = "<group>";
		};
		EDFE37102CC6B44900C672E1 /* TrackersMainView */ = {
			isa = PBXGroup;
			children = (
				ED7890CB2CB29F6A00721730 /* TrackersViewController.swift */,
				ED67B1F82CDD333400347C20 /* TrackerCellView.swift */,
				ED67B1FA2CDE904700347C20 /* TrackerCellHeaderView.swift */,
			);
			path = TrackersMainView;
			sourceTree = "<group>";
		};
		EDFE37112CC6B47500C672E1 /* TrackerChoise */ = {
			isa = PBXGroup;
			children = (
				EDFE37062CC031A800C672E1 /* TrackerChoiceViewController.swift */,
				EDFE37122CC6B48600C672E1 /* HabitsViewControllers */,
				EDE6A94F2CCFD2A20038CBBA /* UnregularEventViewControllers */,
				EDB0ED102D240EF7006075B5 /* Color + Emoji Cell Views */,
				EDE6A9442CC6B4EF0038CBBA /* CategoryViewControllers */,
			);
			path = TrackerChoise;
			sourceTree = "<group>";
		};
		EDFE37122CC6B48600C672E1 /* HabitsViewControllers */ = {
			isa = PBXGroup;
			children = (
				EDFE370A2CC2D71F00C672E1 /* HabitCreaterViewController.swift */,
				EDE6A9432CC6B4D90038CBBA /* Schedule */,
			);
			path = HabitsViewControllers;
			sourceTree = "<group>";
		};
/* End PBXGroup section */

/* Begin PBXNativeTarget section */
		ED7890772CAC722B00721730 /* Tracker */ = {
			isa = PBXNativeTarget;
			buildConfigurationList = ED7890A12CAC722D00721730 /* Build configuration list for PBXNativeTarget "Tracker" */;
			buildPhases = (
				CAEBD2EF9474AB11D672B6F1 /* [CP] Check Pods Manifest.lock */,
				ED7890742CAC722B00721730 /* Sources */,
				ED7890752CAC722B00721730 /* Frameworks */,
				ED7890762CAC722B00721730 /* Resources */,
				45E236034A00788691937F9A /* [CP] Embed Pods Frameworks */,
			);
			buildRules = (
			);
			dependencies = (
			);
			name = Tracker;
			productName = Tracker;
			productReference = ED941E002D4FDD3D0094B613 /* Tracker.app */;
			productType = "com.apple.product-type.application";
		};
		EDB3DA282D4EB69F0077E70C /* TrackerTests */ = {
			isa = PBXNativeTarget;
			buildConfigurationList = EDB3DA2F2D4EB69F0077E70C /* Build configuration list for PBXNativeTarget "TrackerTests" */;
			buildPhases = (
				9259C6B41C131C3EAED74A92 /* [CP] Check Pods Manifest.lock */,
				EDB3DA252D4EB69F0077E70C /* Sources */,
				EDB3DA262D4EB69F0077E70C /* Frameworks */,
				EDB3DA272D4EB69F0077E70C /* Resources */,
			);
			buildRules = (
			);
			dependencies = (
				EDB3DA2E2D4EB69F0077E70C /* PBXTargetDependency */,
			);
			fileSystemSynchronizedGroups = (
				EDB3DA2A2D4EB69F0077E70C /* TrackerTests */,
			);
			name = TrackerTests;
			packageProductDependencies = (
				EDB3DA332D4EB6C10077E70C /* InlineSnapshotTesting */,
				EDB3DA352D4EB6C10077E70C /* SnapshotTesting */,
				EDB3DA372D4EB6C10077E70C /* SnapshotTestingCustomDump */,
			);
			productName = TrackerTests;
			productReference = ED941E012D4FDD3D0094B613 /* TrackerTests.xctest */;
			productType = "com.apple.product-type.bundle.unit-test";
		};
/* End PBXNativeTarget section */

/* Begin PBXProject section */
		ED7890702CAC722B00721730 /* Project object */ = {
			isa = PBXProject;
			attributes = {
				BuildIndependentTargetsInParallel = 1;
				LastSwiftUpdateCheck = 1620;
				LastUpgradeCheck = 1620;
				TargetAttributes = {
					ED7890772CAC722B00721730 = {
						CreatedOnToolsVersion = 16.0;
					};
					EDB3DA282D4EB69F0077E70C = {
						CreatedOnToolsVersion = 16.2;
						TestTargetID = ED7890772CAC722B00721730;
					};
				};
			};
			buildConfigurationList = ED7890732CAC722B00721730 /* Build configuration list for PBXProject "Tracker" */;
			developmentRegion = en;
			hasScannedForEncodings = 0;
			knownRegions = (
				en,
				Base,
				ru,
			);
			mainGroup = ED78906F2CAC722B00721730;
			minimizedProjectReferenceProxies = 1;
			packageReferences = (
				EDB3DA322D4EB6C10077E70C /* XCRemoteSwiftPackageReference "swift-snapshot-testing" */,
			);
			preferredProjectObjectVersion = 77;
			productRefGroup = ED78906F2CAC722B00721730;
			projectDirPath = "";
			projectRoot = "";
			targets = (
				ED7890772CAC722B00721730 /* Tracker */,
				EDB3DA282D4EB69F0077E70C /* TrackerTests */,
			);
		};
/* End PBXProject section */

/* Begin PBXResourcesBuildPhase section */
		ED7890762CAC722B00721730 /* Resources */ = {
			isa = PBXResourcesBuildPhase;
			buildActionMask = 2147483647;
			files = (
				ED7890B62CAC727600721730 /* Assets.xcassets in Resources */,
				ED7890B82CAC727600721730 /* LaunchScreen.storyboard in Resources */,
				EDB3DA232D4EAE590077E70C /* Localizable.strings in Resources */,
				EDB3DA242D4EAE590077E70C /* Localizable.stringsdict in Resources */,
			);
			runOnlyForDeploymentPostprocessing = 0;
		};
		EDB3DA272D4EB69F0077E70C /* Resources */ = {
			isa = PBXResourcesBuildPhase;
			buildActionMask = 2147483647;
			files = (
			);
			runOnlyForDeploymentPostprocessing = 0;
		};
/* End PBXResourcesBuildPhase section */

/* Begin PBXShellScriptBuildPhase section */
		45E236034A00788691937F9A /* [CP] Embed Pods Frameworks */ = {
			isa = PBXShellScriptBuildPhase;
			buildActionMask = 2147483647;
			files = (
			);
			inputFileListPaths = (
				"${PODS_ROOT}/Target Support Files/Pods-Tracker/Pods-Tracker-frameworks-${CONFIGURATION}-input-files.xcfilelist",
			);
			name = "[CP] Embed Pods Frameworks";
			outputFileListPaths = (
				"${PODS_ROOT}/Target Support Files/Pods-Tracker/Pods-Tracker-frameworks-${CONFIGURATION}-output-files.xcfilelist",
			);
			runOnlyForDeploymentPostprocessing = 0;
			shellPath = /bin/sh;
			shellScript = "\"${PODS_ROOT}/Target Support Files/Pods-Tracker/Pods-Tracker-frameworks.sh\"\n";
			showEnvVarsInLog = 0;
		};
		9259C6B41C131C3EAED74A92 /* [CP] Check Pods Manifest.lock */ = {
			isa = PBXShellScriptBuildPhase;
			buildActionMask = 2147483647;
			files = (
			);
			inputFileListPaths = (
			);
			inputPaths = (
				"${PODS_PODFILE_DIR_PATH}/Podfile.lock",
				"${PODS_ROOT}/Manifest.lock",
			);
			name = "[CP] Check Pods Manifest.lock";
			outputFileListPaths = (
			);
			outputPaths = (
				"$(DERIVED_FILE_DIR)/Pods-TrackerTests-checkManifestLockResult.txt",
			);
			runOnlyForDeploymentPostprocessing = 0;
			shellPath = /bin/sh;
			shellScript = "diff \"${PODS_PODFILE_DIR_PATH}/Podfile.lock\" \"${PODS_ROOT}/Manifest.lock\" > /dev/null\nif [ $? != 0 ] ; then\n    # print error to STDERR\n    echo \"error: The sandbox is not in sync with the Podfile.lock. Run 'pod install' or update your CocoaPods installation.\" >&2\n    exit 1\nfi\n# This output is used by Xcode 'outputs' to avoid re-running this script phase.\necho \"SUCCESS\" > \"${SCRIPT_OUTPUT_FILE_0}\"\n";
			showEnvVarsInLog = 0;
		};
		CAEBD2EF9474AB11D672B6F1 /* [CP] Check Pods Manifest.lock */ = {
			isa = PBXShellScriptBuildPhase;
			buildActionMask = 2147483647;
			files = (
			);
			inputFileListPaths = (
			);
			inputPaths = (
				"${PODS_PODFILE_DIR_PATH}/Podfile.lock",
				"${PODS_ROOT}/Manifest.lock",
			);
			name = "[CP] Check Pods Manifest.lock";
			outputFileListPaths = (
			);
			outputPaths = (
				"$(DERIVED_FILE_DIR)/Pods-Tracker-checkManifestLockResult.txt",
			);
			runOnlyForDeploymentPostprocessing = 0;
			shellPath = /bin/sh;
			shellScript = "diff \"${PODS_PODFILE_DIR_PATH}/Podfile.lock\" \"${PODS_ROOT}/Manifest.lock\" > /dev/null\nif [ $? != 0 ] ; then\n    # print error to STDERR\n    echo \"error: The sandbox is not in sync with the Podfile.lock. Run 'pod install' or update your CocoaPods installation.\" >&2\n    exit 1\nfi\n# This output is used by Xcode 'outputs' to avoid re-running this script phase.\necho \"SUCCESS\" > \"${SCRIPT_OUTPUT_FILE_0}\"\n";
			showEnvVarsInLog = 0;
		};
/* End PBXShellScriptBuildPhase section */

/* Begin PBXSourcesBuildPhase section */
		ED7890742CAC722B00721730 /* Sources */ = {
			isa = PBXSourcesBuildPhase;
			buildActionMask = 2147483647;
			files = (
				EDA91B722D1C62EE00A00F86 /* CategorySenderProtocol.swift in Sources */,
				ED7890BA2CAC727600721730 /* AppDelegate.swift in Sources */,
				ED941E052D4FE23F0094B613 /* AnalyticsService.swift in Sources */,
				ED67B1F92CDD333400347C20 /* TrackerCellView.swift in Sources */,
				EDFE37072CC031A800C672E1 /* TrackerChoiceViewController.swift in Sources */,
				EDB0ED8D2D2ED0D0006075B5 /* TrackerStore.swift in Sources */,
				ED7890BE2CAEF50C00721730 /* TabBarController.swift in Sources */,
				EDB0EFC72D4176C9006075B5 /* Storage.swift in Sources */,
				EDFE370F2CC6AF0B00C672E1 /* CategoryMainViewController.swift in Sources */,
				ED121A9F2D0D91EA001EE8C5 /* CustomTextField.swift in Sources */,
				ED7890CC2CB29F6A00721730 /* TrackersViewController.swift in Sources */,
				EDFE370B2CC2D71F00C672E1 /* HabitCreaterViewController.swift in Sources */,
				ED7890BB2CAC727600721730 /* SceneDelegate.swift in Sources */,
				ED7890CA2CB29F5E00721730 /* StatsViewController.swift in Sources */,
				EDB0EFC32D4158E8006075B5 /* OnboardingPageViewController.swift in Sources */,
				EDB0ED142D240F36006075B5 /* EmojiCellView.swift in Sources */,
				EDE6A9512CCFD3800038CBBA /* UnregularEventCreaterViewController.swift in Sources */,
				EDE6A9472CC6B5FA0038CBBA /* CategoryCreaterViewController.swift in Sources */,
				EDA91B212D1AF55100A00F86 /* HideKeyboardExtension.swift in Sources */,
				EDFE370D2CC6783400C672E1 /* ScheduleViewController.swift in Sources */,
				EDB0ED602D289089006075B5 /* HeaderForColorEmojiCollections.swift in Sources */,
				ED121A992D0D91B5001EE8C5 /* TrackerCategory.swift in Sources */,
				EDA91B742D1C770F00A00F86 /* TrackerSender.swift in Sources */,
				EDB0ED912D2ED0FF006075B5 /* TrackerRecordStore.swift in Sources */,
				EDB0ED962D31C2A3006075B5 /* TrackerData.xcdatamodeld in Sources */,
				EDB0F04D2D452CF8006075B5 /* Binding.swift in Sources */,
				ED121A9A2D0D91B5001EE8C5 /* TrackerRecord.swift in Sources */,
				EDB0F04B2D42B572006075B5 /* CategoryMainViewModel.swift in Sources */,
				EDB0EFC12D4156D7006075B5 /* OnboardingViewController.swift in Sources */,
				EDA91B702D1C615700A00F86 /* DateSenderProtocol.swift in Sources */,
				EDB0ED122D240F12006075B5 /* ColorCellView.swift in Sources */,
				ED121AA12D0D9C68001EE8C5 /* NotificationNames.swift in Sources */,
				EDB0ED8F2D2ED0E8006075B5 /* TrackerCategoryStore.swift in Sources */,
				ED121A9B2D0D91B5001EE8C5 /* Tracker.swift in Sources */,
				ED67B1FB2CDE904700347C20 /* TrackerCellHeaderView.swift in Sources */,
				EDB0ECC52D21B633006075B5 /* Constants.swift in Sources */,
			);
			runOnlyForDeploymentPostprocessing = 0;
		};
		EDB3DA252D4EB69F0077E70C /* Sources */ = {
			isa = PBXSourcesBuildPhase;
			buildActionMask = 2147483647;
			files = (
			);
			runOnlyForDeploymentPostprocessing = 0;
		};
/* End PBXSourcesBuildPhase section */

/* Begin PBXTargetDependency section */
		EDB3DA2E2D4EB69F0077E70C /* PBXTargetDependency */ = {
			isa = PBXTargetDependency;
			target = ED7890772CAC722B00721730 /* Tracker */;
			targetProxy = EDB3DA2D2D4EB69F0077E70C /* PBXContainerItemProxy */;
		};
/* End PBXTargetDependency section */

/* Begin PBXVariantGroup section */
		ED7890B02CAC727600721730 /* LaunchScreen.storyboard */ = {
			isa = PBXVariantGroup;
			children = (
				ED7890AF2CAC727600721730 /* Base */,
			);
			name = LaunchScreen.storyboard;
			sourceTree = "<group>";
		};
		EDB3DA1F2D4EAE590077E70C /* Localizable.stringsdict */ = {
			isa = PBXVariantGroup;
			children = (
				EDB3DA1E2D4EAE590077E70C /* Localizable.stringsdict */,
			);
			name = Localizable.stringsdict;
			sourceTree = "<group>";
		};
		EDB3DA222D4EAE590077E70C /* Localizable.strings */ = {
			isa = PBXVariantGroup;
			children = (
				EDB3DA202D4EAE590077E70C /* Localizable.strings */,
				EDB3DA212D4EAE590077E70C /* Localizable.strings */,
			);
			name = Localizable.strings;
			sourceTree = "<group>";
		};
/* End PBXVariantGroup section */

/* Begin XCBuildConfiguration section */
		ED7890A22CAC722D00721730 /* Debug */ = {
			isa = XCBuildConfiguration;
			baseConfigurationReference = B1014739D0684760FBB28975 /* Pods-Tracker.debug.xcconfig */;
			buildSettings = {
				ASSETCATALOG_COMPILER_APPICON_NAME = AppIcon;
				ASSETCATALOG_COMPILER_GLOBAL_ACCENT_COLOR_NAME = AccentColor;
				CODE_SIGN_STYLE = Automatic;
				CURRENT_PROJECT_VERSION = 1;
				DEVELOPMENT_TEAM = CTS98382Z5;
				GENERATE_INFOPLIST_FILE = YES;
				INFOPLIST_FILE = Tracker/Info.plist;
				INFOPLIST_KEY_LSApplicationCategoryType = "public.app-category.productivity";
				INFOPLIST_KEY_UIApplicationSupportsIndirectInputEvents = YES;
				INFOPLIST_KEY_UILaunchStoryboardName = LaunchScreen;
				INFOPLIST_KEY_UIStatusBarStyle = "";
				INFOPLIST_KEY_UISupportedInterfaceOrientations = UIInterfaceOrientationPortrait;
				INFOPLIST_KEY_UISupportedInterfaceOrientations_iPad = "UIInterfaceOrientationLandscapeLeft UIInterfaceOrientationLandscapeRight UIInterfaceOrientationPortrait UIInterfaceOrientationPortraitUpsideDown";
				IPHONEOS_DEPLOYMENT_TARGET = 13.4;
				LD_RUNPATH_SEARCH_PATHS = (
					"$(inherited)",
					"@executable_path/Frameworks",
				);
				MARKETING_VERSION = 1.0;
				PRODUCT_BUNDLE_IDENTIFIER = com.praktikum.tracker.Tracker;
				PRODUCT_NAME = "$(TARGET_NAME)";
				SUPPORTED_PLATFORMS = "iphoneos iphonesimulator";
				SUPPORTS_MACCATALYST = NO;
				SUPPORTS_MAC_DESIGNED_FOR_IPHONE_IPAD = NO;
				SUPPORTS_XR_DESIGNED_FOR_IPHONE_IPAD = NO;
				SWIFT_EMIT_LOC_STRINGS = YES;
				SWIFT_VERSION = 5.0;
				TARGETED_DEVICE_FAMILY = 1;
			};
			name = Debug;
		};
		ED7890A32CAC722D00721730 /* Release */ = {
			isa = XCBuildConfiguration;
			baseConfigurationReference = 1A71F202190A81F714B9EDBB /* Pods-Tracker.release.xcconfig */;
			buildSettings = {
				ASSETCATALOG_COMPILER_APPICON_NAME = AppIcon;
				ASSETCATALOG_COMPILER_GLOBAL_ACCENT_COLOR_NAME = AccentColor;
				CODE_SIGN_STYLE = Automatic;
				CURRENT_PROJECT_VERSION = 1;
				DEVELOPMENT_TEAM = CTS98382Z5;
				GENERATE_INFOPLIST_FILE = YES;
				INFOPLIST_FILE = Tracker/Info.plist;
				INFOPLIST_KEY_LSApplicationCategoryType = "public.app-category.productivity";
				INFOPLIST_KEY_UIApplicationSupportsIndirectInputEvents = YES;
				INFOPLIST_KEY_UILaunchStoryboardName = LaunchScreen;
				INFOPLIST_KEY_UIStatusBarStyle = "";
				INFOPLIST_KEY_UISupportedInterfaceOrientations = UIInterfaceOrientationPortrait;
				INFOPLIST_KEY_UISupportedInterfaceOrientations_iPad = "UIInterfaceOrientationLandscapeLeft UIInterfaceOrientationLandscapeRight UIInterfaceOrientationPortrait UIInterfaceOrientationPortraitUpsideDown";
				IPHONEOS_DEPLOYMENT_TARGET = 13.4;
				LD_RUNPATH_SEARCH_PATHS = (
					"$(inherited)",
					"@executable_path/Frameworks",
				);
				MARKETING_VERSION = 1.0;
				PRODUCT_BUNDLE_IDENTIFIER = com.praktikum.tracker.Tracker;
				PRODUCT_NAME = "$(TARGET_NAME)";
				SUPPORTED_PLATFORMS = "iphoneos iphonesimulator";
				SUPPORTS_MACCATALYST = NO;
				SUPPORTS_MAC_DESIGNED_FOR_IPHONE_IPAD = NO;
				SUPPORTS_XR_DESIGNED_FOR_IPHONE_IPAD = NO;
				SWIFT_EMIT_LOC_STRINGS = YES;
				SWIFT_VERSION = 5.0;
				TARGETED_DEVICE_FAMILY = 1;
			};
			name = Release;
		};
		ED7890A42CAC722D00721730 /* Debug */ = {
			isa = XCBuildConfiguration;
			buildSettings = {
				ALWAYS_SEARCH_USER_PATHS = NO;
				ASSETCATALOG_COMPILER_GENERATE_SWIFT_ASSET_SYMBOL_EXTENSIONS = YES;
				CLANG_ANALYZER_LOCALIZABILITY_NONLOCALIZED = YES;
				CLANG_ANALYZER_NONNULL = YES;
				CLANG_ANALYZER_NUMBER_OBJECT_CONVERSION = YES_AGGRESSIVE;
				CLANG_CXX_LANGUAGE_STANDARD = "gnu++20";
				CLANG_ENABLE_MODULES = YES;
				CLANG_ENABLE_OBJC_ARC = YES;
				CLANG_ENABLE_OBJC_WEAK = YES;
				CLANG_WARN_BLOCK_CAPTURE_AUTORELEASING = YES;
				CLANG_WARN_BOOL_CONVERSION = YES;
				CLANG_WARN_COMMA = YES;
				CLANG_WARN_CONSTANT_CONVERSION = YES;
				CLANG_WARN_DEPRECATED_OBJC_IMPLEMENTATIONS = YES;
				CLANG_WARN_DIRECT_OBJC_ISA_USAGE = YES_ERROR;
				CLANG_WARN_DOCUMENTATION_COMMENTS = YES;
				CLANG_WARN_EMPTY_BODY = YES;
				CLANG_WARN_ENUM_CONVERSION = YES;
				CLANG_WARN_INFINITE_RECURSION = YES;
				CLANG_WARN_INT_CONVERSION = YES;
				CLANG_WARN_NON_LITERAL_NULL_CONVERSION = YES;
				CLANG_WARN_OBJC_IMPLICIT_RETAIN_SELF = YES;
				CLANG_WARN_OBJC_LITERAL_CONVERSION = YES;
				CLANG_WARN_OBJC_ROOT_CLASS = YES_ERROR;
				CLANG_WARN_QUOTED_INCLUDE_IN_FRAMEWORK_HEADER = YES;
				CLANG_WARN_RANGE_LOOP_ANALYSIS = YES;
				CLANG_WARN_STRICT_PROTOTYPES = YES;
				CLANG_WARN_SUSPICIOUS_MOVE = YES;
				CLANG_WARN_UNGUARDED_AVAILABILITY = YES_AGGRESSIVE;
				CLANG_WARN_UNREACHABLE_CODE = YES;
				CLANG_WARN__DUPLICATE_METHOD_MATCH = YES;
				COPY_PHASE_STRIP = NO;
				DEBUG_INFORMATION_FORMAT = dwarf;
				ENABLE_STRICT_OBJC_MSGSEND = YES;
				ENABLE_TESTABILITY = YES;
				ENABLE_USER_SCRIPT_SANDBOXING = NO;
				GCC_C_LANGUAGE_STANDARD = gnu17;
				GCC_DYNAMIC_NO_PIC = NO;
				GCC_NO_COMMON_BLOCKS = YES;
				GCC_OPTIMIZATION_LEVEL = 0;
				GCC_PREPROCESSOR_DEFINITIONS = (
					"DEBUG=1",
					"$(inherited)",
				);
				GCC_WARN_64_TO_32_BIT_CONVERSION = YES;
				GCC_WARN_ABOUT_RETURN_TYPE = YES_ERROR;
				GCC_WARN_UNDECLARED_SELECTOR = YES;
				GCC_WARN_UNINITIALIZED_AUTOS = YES_AGGRESSIVE;
				GCC_WARN_UNUSED_FUNCTION = YES;
				GCC_WARN_UNUSED_VARIABLE = YES;
				IPHONEOS_DEPLOYMENT_TARGET = 13.4;
				LOCALIZATION_PREFERS_STRING_CATALOGS = YES;
				MTL_ENABLE_DEBUG_INFO = INCLUDE_SOURCE;
				MTL_FAST_MATH = YES;
				ONLY_ACTIVE_ARCH = YES;
				SDKROOT = iphoneos;
				SWIFT_ACTIVE_COMPILATION_CONDITIONS = "DEBUG $(inherited)";
				SWIFT_OPTIMIZATION_LEVEL = "-Onone";
			};
			name = Debug;
		};
		ED7890A52CAC722D00721730 /* Release */ = {
			isa = XCBuildConfiguration;
			buildSettings = {
				ALWAYS_SEARCH_USER_PATHS = NO;
				ASSETCATALOG_COMPILER_GENERATE_SWIFT_ASSET_SYMBOL_EXTENSIONS = YES;
				CLANG_ANALYZER_LOCALIZABILITY_NONLOCALIZED = YES;
				CLANG_ANALYZER_NONNULL = YES;
				CLANG_ANALYZER_NUMBER_OBJECT_CONVERSION = YES_AGGRESSIVE;
				CLANG_CXX_LANGUAGE_STANDARD = "gnu++20";
				CLANG_ENABLE_MODULES = YES;
				CLANG_ENABLE_OBJC_ARC = YES;
				CLANG_ENABLE_OBJC_WEAK = YES;
				CLANG_WARN_BLOCK_CAPTURE_AUTORELEASING = YES;
				CLANG_WARN_BOOL_CONVERSION = YES;
				CLANG_WARN_COMMA = YES;
				CLANG_WARN_CONSTANT_CONVERSION = YES;
				CLANG_WARN_DEPRECATED_OBJC_IMPLEMENTATIONS = YES;
				CLANG_WARN_DIRECT_OBJC_ISA_USAGE = YES_ERROR;
				CLANG_WARN_DOCUMENTATION_COMMENTS = YES;
				CLANG_WARN_EMPTY_BODY = YES;
				CLANG_WARN_ENUM_CONVERSION = YES;
				CLANG_WARN_INFINITE_RECURSION = YES;
				CLANG_WARN_INT_CONVERSION = YES;
				CLANG_WARN_NON_LITERAL_NULL_CONVERSION = YES;
				CLANG_WARN_OBJC_IMPLICIT_RETAIN_SELF = YES;
				CLANG_WARN_OBJC_LITERAL_CONVERSION = YES;
				CLANG_WARN_OBJC_ROOT_CLASS = YES_ERROR;
				CLANG_WARN_QUOTED_INCLUDE_IN_FRAMEWORK_HEADER = YES;
				CLANG_WARN_RANGE_LOOP_ANALYSIS = YES;
				CLANG_WARN_STRICT_PROTOTYPES = YES;
				CLANG_WARN_SUSPICIOUS_MOVE = YES;
				CLANG_WARN_UNGUARDED_AVAILABILITY = YES_AGGRESSIVE;
				CLANG_WARN_UNREACHABLE_CODE = YES;
				CLANG_WARN__DUPLICATE_METHOD_MATCH = YES;
				COPY_PHASE_STRIP = NO;
				DEBUG_INFORMATION_FORMAT = "dwarf-with-dsym";
				ENABLE_NS_ASSERTIONS = NO;
				ENABLE_STRICT_OBJC_MSGSEND = YES;
				ENABLE_USER_SCRIPT_SANDBOXING = NO;
				GCC_C_LANGUAGE_STANDARD = gnu17;
				GCC_NO_COMMON_BLOCKS = YES;
				GCC_WARN_64_TO_32_BIT_CONVERSION = YES;
				GCC_WARN_ABOUT_RETURN_TYPE = YES_ERROR;
				GCC_WARN_UNDECLARED_SELECTOR = YES;
				GCC_WARN_UNINITIALIZED_AUTOS = YES_AGGRESSIVE;
				GCC_WARN_UNUSED_FUNCTION = YES;
				GCC_WARN_UNUSED_VARIABLE = YES;
				IPHONEOS_DEPLOYMENT_TARGET = 13.4;
				LOCALIZATION_PREFERS_STRING_CATALOGS = YES;
				MTL_ENABLE_DEBUG_INFO = NO;
				MTL_FAST_MATH = YES;
				SDKROOT = iphoneos;
				SWIFT_COMPILATION_MODE = wholemodule;
				VALIDATE_PRODUCT = YES;
			};
			name = Release;
		};
		EDB3DA302D4EB69F0077E70C /* Debug */ = {
			isa = XCBuildConfiguration;
			baseConfigurationReference = 6CA13E64FFBC9183C22E8643 /* Pods-TrackerTests.debug.xcconfig */;
			buildSettings = {
				BUNDLE_LOADER = "$(TEST_HOST)";
				CODE_SIGN_STYLE = Automatic;
				CURRENT_PROJECT_VERSION = 1;
				DEVELOPMENT_TEAM = CTS98382Z5;
				GENERATE_INFOPLIST_FILE = YES;
				IPHONEOS_DEPLOYMENT_TARGET = 13.4;
				MARKETING_VERSION = 1.0;
				PRODUCT_BUNDLE_IDENTIFIER = com.praktikum.tracker.TrackerTests;
				PRODUCT_NAME = "$(TARGET_NAME)";
				SUPPORTED_PLATFORMS = "iphoneos iphonesimulator";
				SUPPORTS_MACCATALYST = NO;
				SUPPORTS_MAC_DESIGNED_FOR_IPHONE_IPAD = NO;
				SUPPORTS_XR_DESIGNED_FOR_IPHONE_IPAD = NO;
				SWIFT_EMIT_LOC_STRINGS = NO;
				SWIFT_VERSION = 5.0;
				TARGETED_DEVICE_FAMILY = 1;
				TEST_HOST = "$(BUILT_PRODUCTS_DIR)/Tracker.app/$(BUNDLE_EXECUTABLE_FOLDER_PATH)/Tracker";
			};
			name = Debug;
		};
		EDB3DA312D4EB69F0077E70C /* Release */ = {
			isa = XCBuildConfiguration;
			baseConfigurationReference = 088F44C2005734ADF42E7015 /* Pods-TrackerTests.release.xcconfig */;
			buildSettings = {
				BUNDLE_LOADER = "$(TEST_HOST)";
				CODE_SIGN_STYLE = Automatic;
				CURRENT_PROJECT_VERSION = 1;
				DEVELOPMENT_TEAM = CTS98382Z5;
				GENERATE_INFOPLIST_FILE = YES;
				IPHONEOS_DEPLOYMENT_TARGET = 13.4;
				MARKETING_VERSION = 1.0;
				PRODUCT_BUNDLE_IDENTIFIER = com.praktikum.tracker.TrackerTests;
				PRODUCT_NAME = "$(TARGET_NAME)";
				SUPPORTED_PLATFORMS = "iphoneos iphonesimulator";
				SUPPORTS_MACCATALYST = NO;
				SUPPORTS_MAC_DESIGNED_FOR_IPHONE_IPAD = NO;
				SUPPORTS_XR_DESIGNED_FOR_IPHONE_IPAD = NO;
				SWIFT_EMIT_LOC_STRINGS = NO;
				SWIFT_VERSION = 5.0;
				TARGETED_DEVICE_FAMILY = 1;
				TEST_HOST = "$(BUILT_PRODUCTS_DIR)/Tracker.app/$(BUNDLE_EXECUTABLE_FOLDER_PATH)/Tracker";
			};
			name = Release;
		};
/* End XCBuildConfiguration section */

/* Begin XCConfigurationList section */
		ED7890732CAC722B00721730 /* Build configuration list for PBXProject "Tracker" */ = {
			isa = XCConfigurationList;
			buildConfigurations = (
				ED7890A42CAC722D00721730 /* Debug */,
				ED7890A52CAC722D00721730 /* Release */,
			);
			defaultConfigurationIsVisible = 0;
			defaultConfigurationName = Release;
		};
		ED7890A12CAC722D00721730 /* Build configuration list for PBXNativeTarget "Tracker" */ = {
			isa = XCConfigurationList;
			buildConfigurations = (
				ED7890A22CAC722D00721730 /* Debug */,
				ED7890A32CAC722D00721730 /* Release */,
			);
			defaultConfigurationIsVisible = 0;
			defaultConfigurationName = Release;
		};
		EDB3DA2F2D4EB69F0077E70C /* Build configuration list for PBXNativeTarget "TrackerTests" */ = {
			isa = XCConfigurationList;
			buildConfigurations = (
				EDB3DA302D4EB69F0077E70C /* Debug */,
				EDB3DA312D4EB69F0077E70C /* Release */,
			);
			defaultConfigurationIsVisible = 0;
			defaultConfigurationName = Release;
		};
/* End XCConfigurationList section */

/* Begin XCRemoteSwiftPackageReference section */
		EDB3DA322D4EB6C10077E70C /* XCRemoteSwiftPackageReference "swift-snapshot-testing" */ = {
			isa = XCRemoteSwiftPackageReference;
			repositoryURL = "https://github.com/pointfreeco/swift-snapshot-testing";
			requirement = {
				kind = upToNextMajorVersion;
				minimumVersion = 1.18.0;
			};
		};
/* End XCRemoteSwiftPackageReference section */

/* Begin XCSwiftPackageProductDependency section */
		EDB3DA332D4EB6C10077E70C /* InlineSnapshotTesting */ = {
			isa = XCSwiftPackageProductDependency;
			package = EDB3DA322D4EB6C10077E70C /* XCRemoteSwiftPackageReference "swift-snapshot-testing" */;
			productName = InlineSnapshotTesting;
		};
		EDB3DA352D4EB6C10077E70C /* SnapshotTesting */ = {
			isa = XCSwiftPackageProductDependency;
			package = EDB3DA322D4EB6C10077E70C /* XCRemoteSwiftPackageReference "swift-snapshot-testing" */;
			productName = SnapshotTesting;
		};
		EDB3DA372D4EB6C10077E70C /* SnapshotTestingCustomDump */ = {
			isa = XCSwiftPackageProductDependency;
			package = EDB3DA322D4EB6C10077E70C /* XCRemoteSwiftPackageReference "swift-snapshot-testing" */;
			productName = SnapshotTestingCustomDump;
		};
/* End XCSwiftPackageProductDependency section */

/* Begin XCVersionGroup section */
		EDB0ED942D31C2A3006075B5 /* TrackerData.xcdatamodeld */ = {
			isa = XCVersionGroup;
			children = (
				EDB0ED952D31C2A3006075B5 /* TrackerData.xcdatamodel */,
			);
			currentVersion = EDB0ED952D31C2A3006075B5 /* TrackerData.xcdatamodel */;
			path = TrackerData.xcdatamodeld;
			sourceTree = "<group>";
			versionGroupType = wrapper.xcdatamodel;
		};
/* End XCVersionGroup section */
	};
	rootObject = ED7890702CAC722B00721730 /* Project object */;
}
